// !$*UTF8*$!
{
	archiveVersion = 1;
	classes = {
	};
	objectVersion = 51;
	objects = {

/* Begin PBXBuildFile section */
		4E790392266B8E2A0026E88F /* StartActivityViewModel.swift in Sources */ = {isa = PBXBuildFile; fileRef = 4E790391266B8E2A0026E88F /* StartActivityViewModel.swift */; };
		74433E6A3AE36932AE505DCD /* Pods_RunRunRunTests.framework in Frameworks */ = {isa = PBXBuildFile; fileRef = 85E984EE9875C7755FB070C6 /* Pods_RunRunRunTests.framework */; };
		DFD2EF7971B78B0250ECB7A7 /* Pods_RunRunRun.framework in Frameworks */ = {isa = PBXBuildFile; fileRef = F969EE6003E2EF4AEFF9F67E /* Pods_RunRunRun.framework */; };
		F007265725080C23009E00B7 /* ActivityHistoryViewController.swift in Sources */ = {isa = PBXBuildFile; fileRef = F007265625080C23009E00B7 /* ActivityHistoryViewController.swift */; };
		F007265A25080D35009E00B7 /* RMHistoryHeaderView.swift in Sources */ = {isa = PBXBuildFile; fileRef = F007265925080D35009E00B7 /* RMHistoryHeaderView.swift */; };
		F007265C25081CAE009E00B7 /* RMTabBarController.swift in Sources */ = {isa = PBXBuildFile; fileRef = F007265B25081CAE009E00B7 /* RMTabBarController.swift */; };
		F01910EE24D6F039007441A7 /* GroupedSection.swift in Sources */ = {isa = PBXBuildFile; fileRef = F01910ED24D6F039007441A7 /* GroupedSection.swift */; };
		F01C755F24BB516100CE5A17 /* NoSessionView.xib in Resources */ = {isa = PBXBuildFile; fileRef = F01C755E24BB516100CE5A17 /* NoSessionView.xib */; };
		F01EC4A525093ABE00C3F966 /* RMLocationButton.swift in Sources */ = {isa = PBXBuildFile; fileRef = F01EC4A425093ABE00C3F966 /* RMLocationButton.swift */; };
		F0284AD624AE4A2C007283F4 /* SessionLog.storyboard in Resources */ = {isa = PBXBuildFile; fileRef = F0284AD524AE4A2C007283F4 /* SessionLog.storyboard */; };
		F0284ADA24AE4DEA007283F4 /* SessionTableViewCell.swift in Sources */ = {isa = PBXBuildFile; fileRef = F0284AD824AE4DEA007283F4 /* SessionTableViewCell.swift */; };
		F0284AE624AE79D8007283F4 /* RunDetailTableViewCell.xib in Resources */ = {isa = PBXBuildFile; fileRef = F0284AE424AE79D8007283F4 /* RunDetailTableViewCell.xib */; };
		F04A6EDA24A8EC7E004D705F /* RepeatingTimer.swift in Sources */ = {isa = PBXBuildFile; fileRef = F04A6ED924A8EC7E004D705F /* RepeatingTimer.swift */; };
		F04A6EDC24A91C25004D705F /* Int+Extensions.swift in Sources */ = {isa = PBXBuildFile; fileRef = F04A6EDB24A91C25004D705F /* Int+Extensions.swift */; };
		F04A6EDE24A927F4004D705F /* Double+Extensions.swift in Sources */ = {isa = PBXBuildFile; fileRef = F04A6EDD24A927F4004D705F /* Double+Extensions.swift */; };
		F05E38D02509550C005B1916 /* RMSessionDetailSmallStackView.swift in Sources */ = {isa = PBXBuildFile; fileRef = F05E38CF2509550C005B1916 /* RMSessionDetailSmallStackView.swift */; };
		F05E38D3250955C0005B1916 /* RMTitleLabel.swift in Sources */ = {isa = PBXBuildFile; fileRef = F05E38D2250955C0005B1916 /* RMTitleLabel.swift */; };
		F05E38D5250957E8005B1916 /* RMSecondaryTitleLabel.swift in Sources */ = {isa = PBXBuildFile; fileRef = F05E38D4250957E8005B1916 /* RMSecondaryTitleLabel.swift */; };
		F05E38D725097834005B1916 /* RMPausePlayButton.swift in Sources */ = {isa = PBXBuildFile; fileRef = F05E38D625097834005B1916 /* RMPausePlayButton.swift */; };
		F05E38D9250991EB005B1916 /* RMSessionDetailLargeStackView.swift in Sources */ = {isa = PBXBuildFile; fileRef = F05E38D8250991EB005B1916 /* RMSessionDetailLargeStackView.swift */; };
		F05E38DB25099E56005B1916 /* RMSessionButtonStackView.swift in Sources */ = {isa = PBXBuildFile; fileRef = F05E38DA25099E56005B1916 /* RMSessionButtonStackView.swift */; };
		F05FFC3124B278EF0045D944 /* DateFormatter+Extensions.swift in Sources */ = {isa = PBXBuildFile; fileRef = F05FFC3024B278EF0045D944 /* DateFormatter+Extensions.swift */; };
		F064E18B25E1C68C00948CC5 /* MainCoordinator.swift in Sources */ = {isa = PBXBuildFile; fileRef = F064E18A25E1C68C00948CC5 /* MainCoordinator.swift */; };
		F064E19425E1C6A600948CC5 /* Coordinator.swift in Sources */ = {isa = PBXBuildFile; fileRef = F064E19325E1C6A600948CC5 /* Coordinator.swift */; };
		F08231FB25963A1300D58C3D /* RelativeDateTimeFormatter+Extensions.swift in Sources */ = {isa = PBXBuildFile; fileRef = F08231FA25963A1300D58C3D /* RelativeDateTimeFormatter+Extensions.swift */; };
		F08232012596974F00D58C3D /* RMMapStyleButton.swift in Sources */ = {isa = PBXBuildFile; fileRef = F08232002596974F00D58C3D /* RMMapStyleButton.swift */; };
		F08232072596A90300D58C3D /* RMMapViewController.swift in Sources */ = {isa = PBXBuildFile; fileRef = F08232062596A90300D58C3D /* RMMapViewController.swift */; };
		F082320B259788BA00D58C3D /* RMPausedSessionViewController.swift in Sources */ = {isa = PBXBuildFile; fileRef = F082320A259788BA00D58C3D /* RMPausedSessionViewController.swift */; };
		F08232132597E19E00D58C3D /* RMSessionDetailView.swift in Sources */ = {isa = PBXBuildFile; fileRef = F08232122597E19E00D58C3D /* RMSessionDetailView.swift */; };
		F085B9F324B9245E0037589D /* NSFetchedResultsController+Extensions.swift in Sources */ = {isa = PBXBuildFile; fileRef = F085B9F224B9245E0037589D /* NSFetchedResultsController+Extensions.swift */; };
		F085B9F524BA18FE0037589D /* RouteDrawer.swift in Sources */ = {isa = PBXBuildFile; fileRef = F085B9F424BA18FE0037589D /* RouteDrawer.swift */; };
		F0A674AD24A7CCAF0083FD5F /* AppDelegate.swift in Sources */ = {isa = PBXBuildFile; fileRef = F0A674AC24A7CCAF0083FD5F /* AppDelegate.swift */; };
		F0A674AF24A7CCAF0083FD5F /* SceneDelegate.swift in Sources */ = {isa = PBXBuildFile; fileRef = F0A674AE24A7CCAF0083FD5F /* SceneDelegate.swift */; };
		F0A674B724A7CCAF0083FD5F /* RunRunRun.xcdatamodeld in Sources */ = {isa = PBXBuildFile; fileRef = F0A674B524A7CCAF0083FD5F /* RunRunRun.xcdatamodeld */; };
		F0A674B924A7CCB40083FD5F /* Assets.xcassets in Resources */ = {isa = PBXBuildFile; fileRef = F0A674B824A7CCB40083FD5F /* Assets.xcassets */; };
		F0A674BC24A7CCB50083FD5F /* LaunchScreen.storyboard in Resources */ = {isa = PBXBuildFile; fileRef = F0A674BA24A7CCB50083FD5F /* LaunchScreen.storyboard */; };
		F0A674C724A7CCB50083FD5F /* RunRunRunTests.swift in Sources */ = {isa = PBXBuildFile; fileRef = F0A674C624A7CCB50083FD5F /* RunRunRunTests.swift */; };
		F0A674D924A7D3A70083FD5F /* LocationViewController.swift in Sources */ = {isa = PBXBuildFile; fileRef = F0A674D824A7D3A70083FD5F /* LocationViewController.swift */; };
		F0A674DB24A7DF100083FD5F /* StartActivityViewController.swift in Sources */ = {isa = PBXBuildFile; fileRef = F0A674DA24A7DF100083FD5F /* StartActivityViewController.swift */; };
		F0A674DD24A7DF380083FD5F /* Main.storyboard in Resources */ = {isa = PBXBuildFile; fileRef = F0A674DC24A7DF380083FD5F /* Main.storyboard */; };
		F0A674E224A7F0990083FD5F /* UIView+Extensions.swift in Sources */ = {isa = PBXBuildFile; fileRef = F0A674E124A7F0990083FD5F /* UIView+Extensions.swift */; };
		F0A674E624A7F4870083FD5F /* StartRun.storyboard in Resources */ = {isa = PBXBuildFile; fileRef = F0A674E524A7F4870083FD5F /* StartRun.storyboard */; };
		F0B09AEC24AE885100C3B5BE /* RunDetailTableViewCell.swift in Sources */ = {isa = PBXBuildFile; fileRef = F0B09AEB24AE885100C3B5BE /* RunDetailTableViewCell.swift */; };
		F0B09AEE24AE94EE00C3B5BE /* ActivityDetailViewController.swift in Sources */ = {isa = PBXBuildFile; fileRef = F0B09AED24AE94EE00C3B5BE /* ActivityDetailViewController.swift */; };
		F0B0F632259521B800C0357C /* UITableView+Extensions.swift in Sources */ = {isa = PBXBuildFile; fileRef = F0B0F631259521B800C0357C /* UITableView+Extensions.swift */; };
		F0BEC2EC2530FECE0021526A /* RMSummaryView.swift in Sources */ = {isa = PBXBuildFile; fileRef = F0BEC2EB2530FECE0021526A /* RMSummaryView.swift */; };
		F0BEC2F325310BBD0021526A /* RMSummaryStackView.swift in Sources */ = {isa = PBXBuildFile; fileRef = F0BEC2F225310BBD0021526A /* RMSummaryStackView.swift */; };
		F0BEC2F9253132120021526A /* RMSummaryDetailStackView.swift in Sources */ = {isa = PBXBuildFile; fileRef = F0BEC2F8253132120021526A /* RMSummaryDetailStackView.swift */; };
		F0D2BA2D24A8BC9800BE815F /* LiveActivityViewController.swift in Sources */ = {isa = PBXBuildFile; fileRef = F0D2BA2C24A8BC9800BE815F /* LiveActivityViewController.swift */; };
		F0D2BA2F24A8DA2800BE815F /* RMActionButton.swift in Sources */ = {isa = PBXBuildFile; fileRef = F0D2BA2E24A8DA2800BE815F /* RMActionButton.swift */; };
		F0D366F824ABFBB4000FBFE5 /* LocalPersistance.swift in Sources */ = {isa = PBXBuildFile; fileRef = F0D366F724ABFBB4000FBFE5 /* LocalPersistance.swift */; };
		F0D366FA24ABFBC8000FBFE5 /* PersistanceManager.swift in Sources */ = {isa = PBXBuildFile; fileRef = F0D366F924ABFBC8000FBFE5 /* PersistanceManager.swift */; };
		F0D366FC24ABFBE6000FBFE5 /* CoreDataManager.swift in Sources */ = {isa = PBXBuildFile; fileRef = F0D366FB24ABFBE6000FBFE5 /* CoreDataManager.swift */; };
		F0D366FF24ACF734000FBFE5 /* SessionUtilities.swift in Sources */ = {isa = PBXBuildFile; fileRef = F0D366FE24ACF734000FBFE5 /* SessionUtilities.swift */; };
		F0DC58B025E1DD07003E8507 /* StartActivityCoordinator.swift in Sources */ = {isa = PBXBuildFile; fileRef = F0DC58AF25E1DD07003E8507 /* StartActivityCoordinator.swift */; };
		F0DC58B625E1E03A003E8507 /* ActivityHistoryCoordinator.swift in Sources */ = {isa = PBXBuildFile; fileRef = F0DC58B525E1E03A003E8507 /* ActivityHistoryCoordinator.swift */; };
		F0DC58BE25E1E174003E8507 /* Run.swift in Sources */ = {isa = PBXBuildFile; fileRef = F0DC58BD25E1E174003E8507 /* Run.swift */; };
		F0DC58CA25E2826C003E8507 /* ActivityHistoryViewModel.swift in Sources */ = {isa = PBXBuildFile; fileRef = F0DC58C925E2826B003E8507 /* ActivityHistoryViewModel.swift */; };
		F0DC594225E30A29003E8507 /* FirestoreManager.swift in Sources */ = {isa = PBXBuildFile; fileRef = F0DC594125E30A29003E8507 /* FirestoreManager.swift */; };
		F0E63DAD2502BC8B0024B73C /* NoSessionView.swift in Sources */ = {isa = PBXBuildFile; fileRef = F0E63DAC2502BC8B0024B73C /* NoSessionView.swift */; };
		F0E6C1F82593D10300F44D89 /* RMBottomSheetViewController.swift in Sources */ = {isa = PBXBuildFile; fileRef = F0E6C1F72593D10300F44D89 /* RMBottomSheetViewController.swift */; };
		F0E6C20A2594077700F44D89 /* RMSessionDetailViewController.swift in Sources */ = {isa = PBXBuildFile; fileRef = F0E6C2092594077700F44D89 /* RMSessionDetailViewController.swift */; };
		F0E6C2122594E46300F44D89 /* RMSessionDetailTileView.swift in Sources */ = {isa = PBXBuildFile; fileRef = F0E6C2112594E46300F44D89 /* RMSessionDetailTileView.swift */; };
		F0E6C21C2594FFB100F44D89 /* RMSessionDetailTableViewCell.swift in Sources */ = {isa = PBXBuildFile; fileRef = F0E6C21B2594FFB100F44D89 /* RMSessionDetailTableViewCell.swift */; };
		F0EC45A9252B62930069EACD /* Date+Extensions.swift in Sources */ = {isa = PBXBuildFile; fileRef = F0EC45A8252B62930069EACD /* Date+Extensions.swift */; };
		F0EDEBD025082B1A00773014 /* UIFont+Extensions.swift in Sources */ = {isa = PBXBuildFile; fileRef = F0EDEBCF25082B1A00773014 /* UIFont+Extensions.swift */; };
/* End PBXBuildFile section */

/* Begin PBXContainerItemProxy section */
		F0A674C324A7CCB50083FD5F /* PBXContainerItemProxy */ = {
			isa = PBXContainerItemProxy;
			containerPortal = F0A674A124A7CCAF0083FD5F /* Project object */;
			proxyType = 1;
			remoteGlobalIDString = F0A674A824A7CCAF0083FD5F;
			remoteInfo = RunRunRun;
		};
/* End PBXContainerItemProxy section */

/* Begin PBXFileReference section */
		2614D522CEBDA03B192AA180 /* Pods-RunRunRun.debug.xcconfig */ = {isa = PBXFileReference; includeInIndex = 1; lastKnownFileType = text.xcconfig; name = "Pods-RunRunRun.debug.xcconfig"; path = "Target Support Files/Pods-RunRunRun/Pods-RunRunRun.debug.xcconfig"; sourceTree = "<group>"; };
		420A24AE53A048C4690F2829 /* Pods-RunRunRunTests.release.xcconfig */ = {isa = PBXFileReference; includeInIndex = 1; lastKnownFileType = text.xcconfig; name = "Pods-RunRunRunTests.release.xcconfig"; path = "Target Support Files/Pods-RunRunRunTests/Pods-RunRunRunTests.release.xcconfig"; sourceTree = "<group>"; };
		4E790391266B8E2A0026E88F /* StartActivityViewModel.swift */ = {isa = PBXFileReference; lastKnownFileType = sourcecode.swift; path = StartActivityViewModel.swift; sourceTree = "<group>"; };
		590576E684A8A2F00930D4E8 /* Pods-RunRunRun.release.xcconfig */ = {isa = PBXFileReference; includeInIndex = 1; lastKnownFileType = text.xcconfig; name = "Pods-RunRunRun.release.xcconfig"; path = "Target Support Files/Pods-RunRunRun/Pods-RunRunRun.release.xcconfig"; sourceTree = "<group>"; };
		85E984EE9875C7755FB070C6 /* Pods_RunRunRunTests.framework */ = {isa = PBXFileReference; explicitFileType = wrapper.framework; includeInIndex = 0; path = Pods_RunRunRunTests.framework; sourceTree = BUILT_PRODUCTS_DIR; };
		C8AA12FACA3044AA07A7BF8F /* Pods-RunRunRunTests.debug.xcconfig */ = {isa = PBXFileReference; includeInIndex = 1; lastKnownFileType = text.xcconfig; name = "Pods-RunRunRunTests.debug.xcconfig"; path = "Target Support Files/Pods-RunRunRunTests/Pods-RunRunRunTests.debug.xcconfig"; sourceTree = "<group>"; };
		F007265625080C23009E00B7 /* ActivityHistoryViewController.swift */ = {isa = PBXFileReference; lastKnownFileType = sourcecode.swift; path = ActivityHistoryViewController.swift; sourceTree = "<group>"; };
		F007265925080D35009E00B7 /* RMHistoryHeaderView.swift */ = {isa = PBXFileReference; lastKnownFileType = sourcecode.swift; path = RMHistoryHeaderView.swift; sourceTree = "<group>"; };
		F007265B25081CAE009E00B7 /* RMTabBarController.swift */ = {isa = PBXFileReference; lastKnownFileType = sourcecode.swift; path = RMTabBarController.swift; sourceTree = "<group>"; };
		F01910ED24D6F039007441A7 /* GroupedSection.swift */ = {isa = PBXFileReference; lastKnownFileType = sourcecode.swift; path = GroupedSection.swift; sourceTree = "<group>"; };
		F01C755E24BB516100CE5A17 /* NoSessionView.xib */ = {isa = PBXFileReference; lastKnownFileType = file.xib; path = NoSessionView.xib; sourceTree = "<group>"; };
		F01EC4A425093ABE00C3F966 /* RMLocationButton.swift */ = {isa = PBXFileReference; lastKnownFileType = sourcecode.swift; path = RMLocationButton.swift; sourceTree = "<group>"; };
		F0284AD524AE4A2C007283F4 /* SessionLog.storyboard */ = {isa = PBXFileReference; lastKnownFileType = file.storyboard; path = SessionLog.storyboard; sourceTree = "<group>"; };
		F0284AD824AE4DEA007283F4 /* SessionTableViewCell.swift */ = {isa = PBXFileReference; lastKnownFileType = sourcecode.swift; path = SessionTableViewCell.swift; sourceTree = "<group>"; };
		F0284AE424AE79D8007283F4 /* RunDetailTableViewCell.xib */ = {isa = PBXFileReference; lastKnownFileType = file.xib; path = RunDetailTableViewCell.xib; sourceTree = "<group>"; };
		F04A6ED924A8EC7E004D705F /* RepeatingTimer.swift */ = {isa = PBXFileReference; lastKnownFileType = sourcecode.swift; path = RepeatingTimer.swift; sourceTree = "<group>"; };
		F04A6EDB24A91C25004D705F /* Int+Extensions.swift */ = {isa = PBXFileReference; lastKnownFileType = sourcecode.swift; path = "Int+Extensions.swift"; sourceTree = "<group>"; };
		F04A6EDD24A927F4004D705F /* Double+Extensions.swift */ = {isa = PBXFileReference; lastKnownFileType = sourcecode.swift; path = "Double+Extensions.swift"; sourceTree = "<group>"; };
		F05E38CF2509550C005B1916 /* RMSessionDetailSmallStackView.swift */ = {isa = PBXFileReference; lastKnownFileType = sourcecode.swift; path = RMSessionDetailSmallStackView.swift; sourceTree = "<group>"; };
		F05E38D2250955C0005B1916 /* RMTitleLabel.swift */ = {isa = PBXFileReference; lastKnownFileType = sourcecode.swift; path = RMTitleLabel.swift; sourceTree = "<group>"; };
		F05E38D4250957E8005B1916 /* RMSecondaryTitleLabel.swift */ = {isa = PBXFileReference; lastKnownFileType = sourcecode.swift; path = RMSecondaryTitleLabel.swift; sourceTree = "<group>"; };
		F05E38D625097834005B1916 /* RMPausePlayButton.swift */ = {isa = PBXFileReference; lastKnownFileType = sourcecode.swift; path = RMPausePlayButton.swift; sourceTree = "<group>"; };
		F05E38D8250991EB005B1916 /* RMSessionDetailLargeStackView.swift */ = {isa = PBXFileReference; lastKnownFileType = sourcecode.swift; path = RMSessionDetailLargeStackView.swift; sourceTree = "<group>"; };
		F05E38DA25099E56005B1916 /* RMSessionButtonStackView.swift */ = {isa = PBXFileReference; lastKnownFileType = sourcecode.swift; path = RMSessionButtonStackView.swift; sourceTree = "<group>"; };
		F05FFC3024B278EF0045D944 /* DateFormatter+Extensions.swift */ = {isa = PBXFileReference; lastKnownFileType = sourcecode.swift; path = "DateFormatter+Extensions.swift"; sourceTree = "<group>"; };
		F064E18A25E1C68C00948CC5 /* MainCoordinator.swift */ = {isa = PBXFileReference; lastKnownFileType = sourcecode.swift; path = MainCoordinator.swift; sourceTree = "<group>"; };
		F064E19325E1C6A600948CC5 /* Coordinator.swift */ = {isa = PBXFileReference; lastKnownFileType = sourcecode.swift; path = Coordinator.swift; sourceTree = "<group>"; };
		F08231FA25963A1300D58C3D /* RelativeDateTimeFormatter+Extensions.swift */ = {isa = PBXFileReference; lastKnownFileType = sourcecode.swift; path = "RelativeDateTimeFormatter+Extensions.swift"; sourceTree = "<group>"; };
		F08232002596974F00D58C3D /* RMMapStyleButton.swift */ = {isa = PBXFileReference; lastKnownFileType = sourcecode.swift; path = RMMapStyleButton.swift; sourceTree = "<group>"; };
		F08232062596A90300D58C3D /* RMMapViewController.swift */ = {isa = PBXFileReference; lastKnownFileType = sourcecode.swift; path = RMMapViewController.swift; sourceTree = "<group>"; };
		F082320A259788BA00D58C3D /* RMPausedSessionViewController.swift */ = {isa = PBXFileReference; lastKnownFileType = sourcecode.swift; path = RMPausedSessionViewController.swift; sourceTree = "<group>"; };
		F08232122597E19E00D58C3D /* RMSessionDetailView.swift */ = {isa = PBXFileReference; lastKnownFileType = sourcecode.swift; path = RMSessionDetailView.swift; sourceTree = "<group>"; };
		F085B9F224B9245E0037589D /* NSFetchedResultsController+Extensions.swift */ = {isa = PBXFileReference; lastKnownFileType = sourcecode.swift; path = "NSFetchedResultsController+Extensions.swift"; sourceTree = "<group>"; };
		F085B9F424BA18FE0037589D /* RouteDrawer.swift */ = {isa = PBXFileReference; lastKnownFileType = sourcecode.swift; path = RouteDrawer.swift; sourceTree = "<group>"; };
		F0A674A924A7CCAF0083FD5F /* RunRunRun.app */ = {isa = PBXFileReference; explicitFileType = wrapper.application; includeInIndex = 0; path = RunRunRun.app; sourceTree = BUILT_PRODUCTS_DIR; };
		F0A674AC24A7CCAF0083FD5F /* AppDelegate.swift */ = {isa = PBXFileReference; lastKnownFileType = sourcecode.swift; path = AppDelegate.swift; sourceTree = "<group>"; };
		F0A674AE24A7CCAF0083FD5F /* SceneDelegate.swift */ = {isa = PBXFileReference; lastKnownFileType = sourcecode.swift; path = SceneDelegate.swift; sourceTree = "<group>"; };
		F0A674B624A7CCAF0083FD5F /* RunRunRun.xcdatamodel */ = {isa = PBXFileReference; lastKnownFileType = wrapper.xcdatamodel; path = RunRunRun.xcdatamodel; sourceTree = "<group>"; };
		F0A674B824A7CCB40083FD5F /* Assets.xcassets */ = {isa = PBXFileReference; lastKnownFileType = folder.assetcatalog; path = Assets.xcassets; sourceTree = "<group>"; };
		F0A674BB24A7CCB50083FD5F /* Base */ = {isa = PBXFileReference; lastKnownFileType = file.storyboard; name = Base; path = Base.lproj/LaunchScreen.storyboard; sourceTree = "<group>"; };
		F0A674BD24A7CCB50083FD5F /* Info.plist */ = {isa = PBXFileReference; lastKnownFileType = text.plist.xml; path = Info.plist; sourceTree = "<group>"; };
		F0A674C224A7CCB50083FD5F /* RunRunRunTests.xctest */ = {isa = PBXFileReference; explicitFileType = wrapper.cfbundle; includeInIndex = 0; path = RunRunRunTests.xctest; sourceTree = BUILT_PRODUCTS_DIR; };
		F0A674C624A7CCB50083FD5F /* RunRunRunTests.swift */ = {isa = PBXFileReference; lastKnownFileType = sourcecode.swift; path = RunRunRunTests.swift; sourceTree = "<group>"; };
		F0A674C824A7CCB50083FD5F /* Info.plist */ = {isa = PBXFileReference; lastKnownFileType = text.plist.xml; path = Info.plist; sourceTree = "<group>"; };
		F0A674D824A7D3A70083FD5F /* LocationViewController.swift */ = {isa = PBXFileReference; lastKnownFileType = sourcecode.swift; path = LocationViewController.swift; sourceTree = "<group>"; };
		F0A674DA24A7DF100083FD5F /* StartActivityViewController.swift */ = {isa = PBXFileReference; lastKnownFileType = sourcecode.swift; path = StartActivityViewController.swift; sourceTree = "<group>"; };
		F0A674DC24A7DF380083FD5F /* Main.storyboard */ = {isa = PBXFileReference; lastKnownFileType = file.storyboard; path = Main.storyboard; sourceTree = "<group>"; };
		F0A674E124A7F0990083FD5F /* UIView+Extensions.swift */ = {isa = PBXFileReference; lastKnownFileType = sourcecode.swift; path = "UIView+Extensions.swift"; sourceTree = "<group>"; };
		F0A674E524A7F4870083FD5F /* StartRun.storyboard */ = {isa = PBXFileReference; lastKnownFileType = file.storyboard; path = StartRun.storyboard; sourceTree = "<group>"; };
		F0B09AEB24AE885100C3B5BE /* RunDetailTableViewCell.swift */ = {isa = PBXFileReference; lastKnownFileType = sourcecode.swift; path = RunDetailTableViewCell.swift; sourceTree = "<group>"; };
		F0B09AED24AE94EE00C3B5BE /* ActivityDetailViewController.swift */ = {isa = PBXFileReference; lastKnownFileType = sourcecode.swift; path = ActivityDetailViewController.swift; sourceTree = "<group>"; };
		F0B0F631259521B800C0357C /* UITableView+Extensions.swift */ = {isa = PBXFileReference; lastKnownFileType = sourcecode.swift; path = "UITableView+Extensions.swift"; sourceTree = "<group>"; };
		F0BEC2EB2530FECE0021526A /* RMSummaryView.swift */ = {isa = PBXFileReference; lastKnownFileType = sourcecode.swift; path = RMSummaryView.swift; sourceTree = "<group>"; };
		F0BEC2F225310BBD0021526A /* RMSummaryStackView.swift */ = {isa = PBXFileReference; lastKnownFileType = sourcecode.swift; path = RMSummaryStackView.swift; sourceTree = "<group>"; };
		F0BEC2F8253132120021526A /* RMSummaryDetailStackView.swift */ = {isa = PBXFileReference; lastKnownFileType = sourcecode.swift; path = RMSummaryDetailStackView.swift; sourceTree = "<group>"; };
		F0D2BA2C24A8BC9800BE815F /* LiveActivityViewController.swift */ = {isa = PBXFileReference; lastKnownFileType = sourcecode.swift; path = LiveActivityViewController.swift; sourceTree = "<group>"; };
		F0D2BA2E24A8DA2800BE815F /* RMActionButton.swift */ = {isa = PBXFileReference; lastKnownFileType = sourcecode.swift; path = RMActionButton.swift; sourceTree = "<group>"; };
		F0D366F724ABFBB4000FBFE5 /* LocalPersistance.swift */ = {isa = PBXFileReference; lastKnownFileType = sourcecode.swift; path = LocalPersistance.swift; sourceTree = "<group>"; };
		F0D366F924ABFBC8000FBFE5 /* PersistanceManager.swift */ = {isa = PBXFileReference; lastKnownFileType = sourcecode.swift; path = PersistanceManager.swift; sourceTree = "<group>"; };
		F0D366FB24ABFBE6000FBFE5 /* CoreDataManager.swift */ = {isa = PBXFileReference; lastKnownFileType = sourcecode.swift; path = CoreDataManager.swift; sourceTree = "<group>"; };
		F0D366FE24ACF734000FBFE5 /* SessionUtilities.swift */ = {isa = PBXFileReference; lastKnownFileType = sourcecode.swift; path = SessionUtilities.swift; sourceTree = "<group>"; };
		F0DC58AF25E1DD07003E8507 /* StartActivityCoordinator.swift */ = {isa = PBXFileReference; lastKnownFileType = sourcecode.swift; path = StartActivityCoordinator.swift; sourceTree = "<group>"; };
		F0DC58B525E1E03A003E8507 /* ActivityHistoryCoordinator.swift */ = {isa = PBXFileReference; lastKnownFileType = sourcecode.swift; path = ActivityHistoryCoordinator.swift; sourceTree = "<group>"; };
		F0DC58BD25E1E174003E8507 /* Run.swift */ = {isa = PBXFileReference; lastKnownFileType = sourcecode.swift; path = Run.swift; sourceTree = "<group>"; };
		F0DC58C925E2826B003E8507 /* ActivityHistoryViewModel.swift */ = {isa = PBXFileReference; lastKnownFileType = sourcecode.swift; path = ActivityHistoryViewModel.swift; sourceTree = "<group>"; };
		F0DC594125E30A29003E8507 /* FirestoreManager.swift */ = {isa = PBXFileReference; lastKnownFileType = sourcecode.swift; path = FirestoreManager.swift; sourceTree = "<group>"; };
		F0E63DAC2502BC8B0024B73C /* NoSessionView.swift */ = {isa = PBXFileReference; lastKnownFileType = sourcecode.swift; path = NoSessionView.swift; sourceTree = "<group>"; };
		F0E6C1F72593D10300F44D89 /* RMBottomSheetViewController.swift */ = {isa = PBXFileReference; lastKnownFileType = sourcecode.swift; path = RMBottomSheetViewController.swift; sourceTree = "<group>"; };
		F0E6C2092594077700F44D89 /* RMSessionDetailViewController.swift */ = {isa = PBXFileReference; lastKnownFileType = sourcecode.swift; path = RMSessionDetailViewController.swift; sourceTree = "<group>"; };
		F0E6C2112594E46300F44D89 /* RMSessionDetailTileView.swift */ = {isa = PBXFileReference; lastKnownFileType = sourcecode.swift; path = RMSessionDetailTileView.swift; sourceTree = "<group>"; };
		F0E6C21B2594FFB100F44D89 /* RMSessionDetailTableViewCell.swift */ = {isa = PBXFileReference; lastKnownFileType = sourcecode.swift; path = RMSessionDetailTableViewCell.swift; sourceTree = "<group>"; };
		F0EC45A8252B62930069EACD /* Date+Extensions.swift */ = {isa = PBXFileReference; lastKnownFileType = sourcecode.swift; path = "Date+Extensions.swift"; sourceTree = "<group>"; };
		F0EDEBCF25082B1A00773014 /* UIFont+Extensions.swift */ = {isa = PBXFileReference; lastKnownFileType = sourcecode.swift; path = "UIFont+Extensions.swift"; sourceTree = "<group>"; };
		F969EE6003E2EF4AEFF9F67E /* Pods_RunRunRun.framework */ = {isa = PBXFileReference; explicitFileType = wrapper.framework; includeInIndex = 0; path = Pods_RunRunRun.framework; sourceTree = BUILT_PRODUCTS_DIR; };
/* End PBXFileReference section */

/* Begin PBXFrameworksBuildPhase section */
		F0A674A624A7CCAF0083FD5F /* Frameworks */ = {
			isa = PBXFrameworksBuildPhase;
			buildActionMask = 2147483647;
			files = (
				DFD2EF7971B78B0250ECB7A7 /* Pods_RunRunRun.framework in Frameworks */,
			);
			runOnlyForDeploymentPostprocessing = 0;
		};
		F0A674BF24A7CCB50083FD5F /* Frameworks */ = {
			isa = PBXFrameworksBuildPhase;
			buildActionMask = 2147483647;
			files = (
				74433E6A3AE36932AE505DCD /* Pods_RunRunRunTests.framework in Frameworks */,
			);
			runOnlyForDeploymentPostprocessing = 0;
		};
/* End PBXFrameworksBuildPhase section */

/* Begin PBXGroup section */
		4E79038E266B8DBA0026E88F /* Start Activity */ = {
			isa = PBXGroup;
			children = (
				F0A674DA24A7DF100083FD5F /* StartActivityViewController.swift */,
				4E790391266B8E2A0026E88F /* StartActivityViewModel.swift */,
			);
			path = "Start Activity";
			sourceTree = "<group>";
		};
		4E79038F266B8DC30026E88F /* Live Activity */ = {
			isa = PBXGroup;
			children = (
				F0D2BA2C24A8BC9800BE815F /* LiveActivityViewController.swift */,
			);
			path = "Live Activity";
			sourceTree = "<group>";
		};
		4E790390266B8DEB0026E88F /* Activity Detail */ = {
			isa = PBXGroup;
			children = (
				F0B09AED24AE94EE00C3B5BE /* ActivityDetailViewController.swift */,
			);
			path = "Activity Detail";
			sourceTree = "<group>";
		};
		8D9539BE762E002572AC20DD /* Pods */ = {
			isa = PBXGroup;
			children = (
				2614D522CEBDA03B192AA180 /* Pods-RunRunRun.debug.xcconfig */,
				590576E684A8A2F00930D4E8 /* Pods-RunRunRun.release.xcconfig */,
				C8AA12FACA3044AA07A7BF8F /* Pods-RunRunRunTests.debug.xcconfig */,
				420A24AE53A048C4690F2829 /* Pods-RunRunRunTests.release.xcconfig */,
			);
			path = Pods;
			sourceTree = "<group>";
		};
		F007265D25081CB4009E00B7 /* TabBarControllers */ = {
			isa = PBXGroup;
			children = (
				F007265B25081CAE009E00B7 /* RMTabBarController.swift */,
			);
			path = TabBarControllers;
			sourceTree = "<group>";
		};
		F007265E25081CFC009E00B7 /* Views */ = {
			isa = PBXGroup;
			children = (
				F007265925080D35009E00B7 /* RMHistoryHeaderView.swift */,
				F0BEC2EB2530FECE0021526A /* RMSummaryView.swift */,
				F0E6C2112594E46300F44D89 /* RMSessionDetailTileView.swift */,
				F08232122597E19E00D58C3D /* RMSessionDetailView.swift */,
				F0E63DAE2502BC950024B73C /* No Session */,
			);
			path = Views;
			sourceTree = "<group>";
		};
		F007265F25081D29009E00B7 /* Cells */ = {
			isa = PBXGroup;
			children = (
				F0284AE124AE79A4007283F4 /* Session */,
				F0E6C2102594E44000F44D89 /* SessionDetail */,
				F0284AE224AE79B1007283F4 /* RunDetail */,
			);
			path = Cells;
			sourceTree = "<group>";
		};
		F0284AD724AE4D6F007283F4 /* Custom Views */ = {
			isa = PBXGroup;
			children = (
				F007265D25081CB4009E00B7 /* TabBarControllers */,
				F0E6C1F62593D0E400F44D89 /* ViewControllers */,
				F007265F25081D29009E00B7 /* Cells */,
				F05E38D12509559B005B1916 /* Labels */,
				F0D2BA3024A8DA2C00BE815F /* Buttons */,
				F007265E25081CFC009E00B7 /* Views */,
				F05E38DC250ABAD6005B1916 /* Stack Views */,
			);
			path = "Custom Views";
			sourceTree = "<group>";
		};
		F0284ADC24AE50D4007283F4 /* Activity History */ = {
			isa = PBXGroup;
			children = (
				F007265625080C23009E00B7 /* ActivityHistoryViewController.swift */,
				F0DC58C925E2826B003E8507 /* ActivityHistoryViewModel.swift */,
				4E790390266B8DEB0026E88F /* Activity Detail */,
			);
			path = "Activity History";
			sourceTree = "<group>";
		};
		F0284AE124AE79A4007283F4 /* Session */ = {
			isa = PBXGroup;
			children = (
				F0284AD824AE4DEA007283F4 /* SessionTableViewCell.swift */,
			);
			path = Session;
			sourceTree = "<group>";
		};
		F0284AE224AE79B1007283F4 /* RunDetail */ = {
			isa = PBXGroup;
			children = (
				F0B09AEB24AE885100C3B5BE /* RunDetailTableViewCell.swift */,
				F0284AE424AE79D8007283F4 /* RunDetailTableViewCell.xib */,
			);
			path = RunDetail;
			sourceTree = "<group>";
		};
		F05E38D12509559B005B1916 /* Labels */ = {
			isa = PBXGroup;
			children = (
				F05E38D2250955C0005B1916 /* RMTitleLabel.swift */,
				F05E38D4250957E8005B1916 /* RMSecondaryTitleLabel.swift */,
			);
			path = Labels;
			sourceTree = "<group>";
		};
		F05E38DC250ABAD6005B1916 /* Stack Views */ = {
			isa = PBXGroup;
			children = (
				F0BEC2EF2531030B0021526A /* Session */,
				F0BEC2F225310BBD0021526A /* RMSummaryStackView.swift */,
				F0BEC2F8253132120021526A /* RMSummaryDetailStackView.swift */,
			);
			path = "Stack Views";
			sourceTree = "<group>";
		};
		F064E18E25E1C69000948CC5 /* Coordinator */ = {
			isa = PBXGroup;
			children = (
				F0DC58AE25E1DCE8003E8507 /* Tabs */,
				F064E18A25E1C68C00948CC5 /* MainCoordinator.swift */,
				F064E19325E1C6A600948CC5 /* Coordinator.swift */,
			);
			path = Coordinator;
			sourceTree = "<group>";
		};
		F0A674A024A7CCAF0083FD5F = {
			isa = PBXGroup;
			children = (
				F0A674AB24A7CCAF0083FD5F /* RunRunRun */,
				F0A674C524A7CCB50083FD5F /* RunRunRunTests */,
				F0A674AA24A7CCAF0083FD5F /* Products */,
				8D9539BE762E002572AC20DD /* Pods */,
				FC5D92BDF32F3C60BADBD089 /* Frameworks */,
			);
			sourceTree = "<group>";
		};
		F0A674AA24A7CCAF0083FD5F /* Products */ = {
			isa = PBXGroup;
			children = (
				F0A674A924A7CCAF0083FD5F /* RunRunRun.app */,
				F0A674C224A7CCB50083FD5F /* RunRunRunTests.xctest */,
			);
			name = Products;
			sourceTree = "<group>";
		};
		F0A674AB24A7CCAF0083FD5F /* RunRunRun */ = {
			isa = PBXGroup;
			children = (
				F0A674D424A7CCF30083FD5F /* Application */,
				F0A674D124A7CCC80083FD5F /* Model */,
				F0D366F624ABF547000FBFE5 /* Services */,
				F0A674D324A7CCE70083FD5F /* Features */,
				F0284AD724AE4D6F007283F4 /* Custom Views */,
				F0A674DE24A7F0650083FD5F /* Utilities */,
				F0A674D524A7CCFF0083FD5F /* Supporting Resources */,
			);
			path = RunRunRun;
			sourceTree = "<group>";
		};
		F0A674C524A7CCB50083FD5F /* RunRunRunTests */ = {
			isa = PBXGroup;
			children = (
				F0A674C624A7CCB50083FD5F /* RunRunRunTests.swift */,
				F0A674C824A7CCB50083FD5F /* Info.plist */,
			);
			path = RunRunRunTests;
			sourceTree = "<group>";
		};
		F0A674D124A7CCC80083FD5F /* Model */ = {
			isa = PBXGroup;
			children = (
				F0A674B524A7CCAF0083FD5F /* RunRunRun.xcdatamodeld */,
				F01910ED24D6F039007441A7 /* GroupedSection.swift */,
				F0DC58BD25E1E174003E8507 /* Run.swift */,
			);
			path = Model;
			sourceTree = "<group>";
		};
		F0A674D324A7CCE70083FD5F /* Features */ = {
			isa = PBXGroup;
			children = (
				F0A674E324A7F2000083FD5F /* Track Activity */,
				F0284ADC24AE50D4007283F4 /* Activity History */,
			);
			path = Features;
			sourceTree = "<group>";
		};
		F0A674D424A7CCF30083FD5F /* Application */ = {
			isa = PBXGroup;
			children = (
				F0A674AC24A7CCAF0083FD5F /* AppDelegate.swift */,
				F0A674AE24A7CCAF0083FD5F /* SceneDelegate.swift */,
			);
			path = Application;
			sourceTree = "<group>";
		};
		F0A674D524A7CCFF0083FD5F /* Supporting Resources */ = {
			isa = PBXGroup;
			children = (
				F0A674E424A7F3910083FD5F /* Storyboards */,
				F0A674B824A7CCB40083FD5F /* Assets.xcassets */,
				F0A674BD24A7CCB50083FD5F /* Info.plist */,
			);
			path = "Supporting Resources";
			sourceTree = "<group>";
		};
		F0A674DE24A7F0650083FD5F /* Utilities */ = {
			isa = PBXGroup;
			children = (
				F064E18E25E1C69000948CC5 /* Coordinator */,
				F0A674DF24A7F07B0083FD5F /* Extensions */,
				F0D366FE24ACF734000FBFE5 /* SessionUtilities.swift */,
				F04A6ED924A8EC7E004D705F /* RepeatingTimer.swift */,
				F085B9F424BA18FE0037589D /* RouteDrawer.swift */,
			);
			path = Utilities;
			sourceTree = "<group>";
		};
		F0A674DF24A7F07B0083FD5F /* Extensions */ = {
			isa = PBXGroup;
			children = (
				F0A674E124A7F0990083FD5F /* UIView+Extensions.swift */,
				F04A6EDB24A91C25004D705F /* Int+Extensions.swift */,
				F04A6EDD24A927F4004D705F /* Double+Extensions.swift */,
				F05FFC3024B278EF0045D944 /* DateFormatter+Extensions.swift */,
				F08231FA25963A1300D58C3D /* RelativeDateTimeFormatter+Extensions.swift */,
				F0EC45A8252B62930069EACD /* Date+Extensions.swift */,
				F085B9F224B9245E0037589D /* NSFetchedResultsController+Extensions.swift */,
				F0EDEBCF25082B1A00773014 /* UIFont+Extensions.swift */,
				F0B0F631259521B800C0357C /* UITableView+Extensions.swift */,
			);
			path = Extensions;
			sourceTree = "<group>";
		};
		F0A674E324A7F2000083FD5F /* Track Activity */ = {
			isa = PBXGroup;
			children = (
				F0A674D824A7D3A70083FD5F /* LocationViewController.swift */,
				4E79038E266B8DBA0026E88F /* Start Activity */,
				4E79038F266B8DC30026E88F /* Live Activity */,
			);
			path = "Track Activity";
			sourceTree = "<group>";
		};
		F0A674E424A7F3910083FD5F /* Storyboards */ = {
			isa = PBXGroup;
			children = (
				F0A674BA24A7CCB50083FD5F /* LaunchScreen.storyboard */,
				F0A674DC24A7DF380083FD5F /* Main.storyboard */,
				F0A674E524A7F4870083FD5F /* StartRun.storyboard */,
				F0284AD524AE4A2C007283F4 /* SessionLog.storyboard */,
			);
			path = Storyboards;
			sourceTree = "<group>";
		};
		F0BEC2EF2531030B0021526A /* Session */ = {
			isa = PBXGroup;
			children = (
				F05E38CF2509550C005B1916 /* RMSessionDetailSmallStackView.swift */,
				F05E38D8250991EB005B1916 /* RMSessionDetailLargeStackView.swift */,
				F05E38DA25099E56005B1916 /* RMSessionButtonStackView.swift */,
			);
			path = Session;
			sourceTree = "<group>";
		};
		F0D2BA3024A8DA2C00BE815F /* Buttons */ = {
			isa = PBXGroup;
			children = (
				F0D2BA2E24A8DA2800BE815F /* RMActionButton.swift */,
				F01EC4A425093ABE00C3F966 /* RMLocationButton.swift */,
				F08232002596974F00D58C3D /* RMMapStyleButton.swift */,
				F05E38D625097834005B1916 /* RMPausePlayButton.swift */,
			);
			path = Buttons;
			sourceTree = "<group>";
		};
		F0D366F624ABF547000FBFE5 /* Services */ = {
			isa = PBXGroup;
			children = (
				F0D366FD24ABFBEA000FBFE5 /* Persistance */,
			);
			path = Services;
			sourceTree = "<group>";
		};
		F0D366FD24ABFBEA000FBFE5 /* Persistance */ = {
			isa = PBXGroup;
			children = (
				F0D366F724ABFBB4000FBFE5 /* LocalPersistance.swift */,
				F0D366F924ABFBC8000FBFE5 /* PersistanceManager.swift */,
				F0D366FB24ABFBE6000FBFE5 /* CoreDataManager.swift */,
				F0DC594125E30A29003E8507 /* FirestoreManager.swift */,
			);
			path = Persistance;
			sourceTree = "<group>";
		};
		F0DC58AE25E1DCE8003E8507 /* Tabs */ = {
			isa = PBXGroup;
			children = (
				F0DC58AF25E1DD07003E8507 /* StartActivityCoordinator.swift */,
				F0DC58B525E1E03A003E8507 /* ActivityHistoryCoordinator.swift */,
			);
			path = Tabs;
			sourceTree = "<group>";
		};
		F0E63DAE2502BC950024B73C /* No Session */ = {
			isa = PBXGroup;
			children = (
				F01C755E24BB516100CE5A17 /* NoSessionView.xib */,
				F0E63DAC2502BC8B0024B73C /* NoSessionView.swift */,
			);
			path = "No Session";
			sourceTree = "<group>";
		};
		F0E6C1F62593D0E400F44D89 /* ViewControllers */ = {
			isa = PBXGroup;
			children = (
				F0E6C1F72593D10300F44D89 /* RMBottomSheetViewController.swift */,
				F0E6C2092594077700F44D89 /* RMSessionDetailViewController.swift */,
				F08232062596A90300D58C3D /* RMMapViewController.swift */,
				F082320A259788BA00D58C3D /* RMPausedSessionViewController.swift */,
			);
			path = ViewControllers;
			sourceTree = "<group>";
		};
		F0E6C2102594E44000F44D89 /* SessionDetail */ = {
			isa = PBXGroup;
			children = (
				F0E6C21B2594FFB100F44D89 /* RMSessionDetailTableViewCell.swift */,
			);
			path = SessionDetail;
			sourceTree = "<group>";
		};
		FC5D92BDF32F3C60BADBD089 /* Frameworks */ = {
			isa = PBXGroup;
			children = (
				F969EE6003E2EF4AEFF9F67E /* Pods_RunRunRun.framework */,
				85E984EE9875C7755FB070C6 /* Pods_RunRunRunTests.framework */,
			);
			name = Frameworks;
			sourceTree = "<group>";
		};
/* End PBXGroup section */

/* Begin PBXNativeTarget section */
		F0A674A824A7CCAF0083FD5F /* RunRunRun */ = {
			isa = PBXNativeTarget;
			buildConfigurationList = F0A674CB24A7CCB50083FD5F /* Build configuration list for PBXNativeTarget "RunRunRun" */;
			buildPhases = (
				0FEBCCB77375D83D392C92C4 /* [CP] Check Pods Manifest.lock */,
				F0A674A524A7CCAF0083FD5F /* Sources */,
				F0A674A624A7CCAF0083FD5F /* Frameworks */,
				F0A674A724A7CCAF0083FD5F /* Resources */,
				F0DC58F525E2BBB5003E8507 /* SwiftLint */,
				2BE4CAF20699B5EFB4CBA3D9 /* [CP] Embed Pods Frameworks */,
			);
			buildRules = (
			);
			dependencies = (
			);
			name = RunRunRun;
			productName = RunRunRun;
			productReference = F0A674A924A7CCAF0083FD5F /* RunRunRun.app */;
			productType = "com.apple.product-type.application";
		};
		F0A674C124A7CCB50083FD5F /* RunRunRunTests */ = {
			isa = PBXNativeTarget;
			buildConfigurationList = F0A674CE24A7CCB50083FD5F /* Build configuration list for PBXNativeTarget "RunRunRunTests" */;
			buildPhases = (
				0BD3B5CC1DCADE5B559A47FF /* [CP] Check Pods Manifest.lock */,
				F0A674BE24A7CCB50083FD5F /* Sources */,
				F0A674BF24A7CCB50083FD5F /* Frameworks */,
				F0A674C024A7CCB50083FD5F /* Resources */,
			);
			buildRules = (
			);
			dependencies = (
				F0A674C424A7CCB50083FD5F /* PBXTargetDependency */,
			);
			name = RunRunRunTests;
			productName = RunRunRunTests;
			productReference = F0A674C224A7CCB50083FD5F /* RunRunRunTests.xctest */;
			productType = "com.apple.product-type.bundle.unit-test";
		};
/* End PBXNativeTarget section */

/* Begin PBXProject section */
		F0A674A124A7CCAF0083FD5F /* Project object */ = {
			isa = PBXProject;
			attributes = {
				LastSwiftUpdateCheck = 1150;
				LastUpgradeCheck = 1230;
				ORGANIZATIONNAME = "Mohammed Ahmad";
				TargetAttributes = {
					F0A674A824A7CCAF0083FD5F = {
						CreatedOnToolsVersion = 11.5;
					};
					F0A674C124A7CCB50083FD5F = {
						CreatedOnToolsVersion = 11.5;
						TestTargetID = F0A674A824A7CCAF0083FD5F;
					};
				};
			};
			buildConfigurationList = F0A674A424A7CCAF0083FD5F /* Build configuration list for PBXProject "RunRunRun" */;
			compatibilityVersion = "Xcode 9.3";
			developmentRegion = en;
			hasScannedForEncodings = 0;
			knownRegions = (
				en,
				Base,
			);
			mainGroup = F0A674A024A7CCAF0083FD5F;
			productRefGroup = F0A674AA24A7CCAF0083FD5F /* Products */;
			projectDirPath = "";
			projectRoot = "";
			targets = (
				F0A674A824A7CCAF0083FD5F /* RunRunRun */,
				F0A674C124A7CCB50083FD5F /* RunRunRunTests */,
			);
		};
/* End PBXProject section */

/* Begin PBXResourcesBuildPhase section */
		F0A674A724A7CCAF0083FD5F /* Resources */ = {
			isa = PBXResourcesBuildPhase;
			buildActionMask = 2147483647;
			files = (
				F0284AD624AE4A2C007283F4 /* SessionLog.storyboard in Resources */,
				F01C755F24BB516100CE5A17 /* NoSessionView.xib in Resources */,
				F0A674DD24A7DF380083FD5F /* Main.storyboard in Resources */,
				F0284AE624AE79D8007283F4 /* RunDetailTableViewCell.xib in Resources */,
				F0A674BC24A7CCB50083FD5F /* LaunchScreen.storyboard in Resources */,
				F0A674E624A7F4870083FD5F /* StartRun.storyboard in Resources */,
				F0A674B924A7CCB40083FD5F /* Assets.xcassets in Resources */,
			);
			runOnlyForDeploymentPostprocessing = 0;
		};
		F0A674C024A7CCB50083FD5F /* Resources */ = {
			isa = PBXResourcesBuildPhase;
			buildActionMask = 2147483647;
			files = (
			);
			runOnlyForDeploymentPostprocessing = 0;
		};
/* End PBXResourcesBuildPhase section */

/* Begin PBXShellScriptBuildPhase section */
		0BD3B5CC1DCADE5B559A47FF /* [CP] Check Pods Manifest.lock */ = {
			isa = PBXShellScriptBuildPhase;
			buildActionMask = 2147483647;
			files = (
			);
			inputFileListPaths = (
			);
			inputPaths = (
				"${PODS_PODFILE_DIR_PATH}/Podfile.lock",
				"${PODS_ROOT}/Manifest.lock",
			);
			name = "[CP] Check Pods Manifest.lock";
			outputFileListPaths = (
			);
			outputPaths = (
				"$(DERIVED_FILE_DIR)/Pods-RunRunRunTests-checkManifestLockResult.txt",
			);
			runOnlyForDeploymentPostprocessing = 0;
			shellPath = /bin/sh;
			shellScript = "diff \"${PODS_PODFILE_DIR_PATH}/Podfile.lock\" \"${PODS_ROOT}/Manifest.lock\" > /dev/null\nif [ $? != 0 ] ; then\n    # print error to STDERR\n    echo \"error: The sandbox is not in sync with the Podfile.lock. Run 'pod install' or update your CocoaPods installation.\" >&2\n    exit 1\nfi\n# This output is used by Xcode 'outputs' to avoid re-running this script phase.\necho \"SUCCESS\" > \"${SCRIPT_OUTPUT_FILE_0}\"\n";
			showEnvVarsInLog = 0;
		};
		0FEBCCB77375D83D392C92C4 /* [CP] Check Pods Manifest.lock */ = {
			isa = PBXShellScriptBuildPhase;
			buildActionMask = 2147483647;
			files = (
			);
			inputFileListPaths = (
			);
			inputPaths = (
				"${PODS_PODFILE_DIR_PATH}/Podfile.lock",
				"${PODS_ROOT}/Manifest.lock",
			);
			name = "[CP] Check Pods Manifest.lock";
			outputFileListPaths = (
			);
			outputPaths = (
				"$(DERIVED_FILE_DIR)/Pods-RunRunRun-checkManifestLockResult.txt",
			);
			runOnlyForDeploymentPostprocessing = 0;
			shellPath = /bin/sh;
			shellScript = "diff \"${PODS_PODFILE_DIR_PATH}/Podfile.lock\" \"${PODS_ROOT}/Manifest.lock\" > /dev/null\nif [ $? != 0 ] ; then\n    # print error to STDERR\n    echo \"error: The sandbox is not in sync with the Podfile.lock. Run 'pod install' or update your CocoaPods installation.\" >&2\n    exit 1\nfi\n# This output is used by Xcode 'outputs' to avoid re-running this script phase.\necho \"SUCCESS\" > \"${SCRIPT_OUTPUT_FILE_0}\"\n";
			showEnvVarsInLog = 0;
		};
		2BE4CAF20699B5EFB4CBA3D9 /* [CP] Embed Pods Frameworks */ = {
			isa = PBXShellScriptBuildPhase;
			buildActionMask = 2147483647;
			files = (
			);
			inputFileListPaths = (
				"${PODS_ROOT}/Target Support Files/Pods-RunRunRun/Pods-RunRunRun-frameworks-${CONFIGURATION}-input-files.xcfilelist",
			);
			name = "[CP] Embed Pods Frameworks";
			outputFileListPaths = (
				"${PODS_ROOT}/Target Support Files/Pods-RunRunRun/Pods-RunRunRun-frameworks-${CONFIGURATION}-output-files.xcfilelist",
			);
			runOnlyForDeploymentPostprocessing = 0;
			shellPath = /bin/sh;
			shellScript = "\"${PODS_ROOT}/Target Support Files/Pods-RunRunRun/Pods-RunRunRun-frameworks.sh\"\n";
			showEnvVarsInLog = 0;
		};
		F0DC58F525E2BBB5003E8507 /* SwiftLint */ = {
			isa = PBXShellScriptBuildPhase;
			buildActionMask = 2147483647;
			files = (
			);
			inputFileListPaths = (
			);
			inputPaths = (
			);
			name = SwiftLint;
			outputFileListPaths = (
			);
			outputPaths = (
			);
			runOnlyForDeploymentPostprocessing = 0;
			shellPath = /bin/sh;
			shellScript = "if which swiftlint >/dev/null; then\n  swiftlint\nelse\n  echo \"warning: SwiftLint not installed, download from https://github.com/realm/SwiftLint\"\nfi\n";
		};
/* End PBXShellScriptBuildPhase section */

/* Begin PBXSourcesBuildPhase section */
		F0A674A524A7CCAF0083FD5F /* Sources */ = {
			isa = PBXSourcesBuildPhase;
			buildActionMask = 2147483647;
			files = (
				F0D2BA2D24A8BC9800BE815F /* LiveActivityViewController.swift in Sources */,
				F0A674E224A7F0990083FD5F /* UIView+Extensions.swift in Sources */,
				F0A674D924A7D3A70083FD5F /* LocationViewController.swift in Sources */,
				F0DC58B625E1E03A003E8507 /* ActivityHistoryCoordinator.swift in Sources */,
				F0DC58B025E1DD07003E8507 /* StartActivityCoordinator.swift in Sources */,
				F007265A25080D35009E00B7 /* RMHistoryHeaderView.swift in Sources */,
				F082320B259788BA00D58C3D /* RMPausedSessionViewController.swift in Sources */,
				F08232132597E19E00D58C3D /* RMSessionDetailView.swift in Sources */,
				F0E63DAD2502BC8B0024B73C /* NoSessionView.swift in Sources */,
				F0BEC2EC2530FECE0021526A /* RMSummaryView.swift in Sources */,
				F0284ADA24AE4DEA007283F4 /* SessionTableViewCell.swift in Sources */,
				F0B0F632259521B800C0357C /* UITableView+Extensions.swift in Sources */,
				F0EDEBD025082B1A00773014 /* UIFont+Extensions.swift in Sources */,
				F0D366FC24ABFBE6000FBFE5 /* CoreDataManager.swift in Sources */,
				4E790392266B8E2A0026E88F /* StartActivityViewModel.swift in Sources */,
				F0DC58CA25E2826C003E8507 /* ActivityHistoryViewModel.swift in Sources */,
				F0DC594225E30A29003E8507 /* FirestoreManager.swift in Sources */,
				F007265725080C23009E00B7 /* ActivityHistoryViewController.swift in Sources */,
				F064E18B25E1C68C00948CC5 /* MainCoordinator.swift in Sources */,
				F04A6EDA24A8EC7E004D705F /* RepeatingTimer.swift in Sources */,
				F0A674B724A7CCAF0083FD5F /* RunRunRun.xcdatamodeld in Sources */,
				F04A6EDC24A91C25004D705F /* Int+Extensions.swift in Sources */,
				F0DC58BE25E1E174003E8507 /* Run.swift in Sources */,
				F0E6C20A2594077700F44D89 /* RMSessionDetailViewController.swift in Sources */,
				F085B9F324B9245E0037589D /* NSFetchedResultsController+Extensions.swift in Sources */,
				F04A6EDE24A927F4004D705F /* Double+Extensions.swift in Sources */,
				F08232072596A90300D58C3D /* RMMapViewController.swift in Sources */,
				F01910EE24D6F039007441A7 /* GroupedSection.swift in Sources */,
				F05FFC3124B278EF0045D944 /* DateFormatter+Extensions.swift in Sources */,
				F0E6C21C2594FFB100F44D89 /* RMSessionDetailTableViewCell.swift in Sources */,
				F05E38D02509550C005B1916 /* RMSessionDetailSmallStackView.swift in Sources */,
				F0BEC2F9253132120021526A /* RMSummaryDetailStackView.swift in Sources */,
				F085B9F524BA18FE0037589D /* RouteDrawer.swift in Sources */,
				F0A674AD24A7CCAF0083FD5F /* AppDelegate.swift in Sources */,
				F0BEC2F325310BBD0021526A /* RMSummaryStackView.swift in Sources */,
				F05E38D3250955C0005B1916 /* RMTitleLabel.swift in Sources */,
				F0E6C1F82593D10300F44D89 /* RMBottomSheetViewController.swift in Sources */,
				F08231FB25963A1300D58C3D /* RelativeDateTimeFormatter+Extensions.swift in Sources */,
				F0A674AF24A7CCAF0083FD5F /* SceneDelegate.swift in Sources */,
				F05E38D9250991EB005B1916 /* RMSessionDetailLargeStackView.swift in Sources */,
				F08232012596974F00D58C3D /* RMMapStyleButton.swift in Sources */,
				F0E6C2122594E46300F44D89 /* RMSessionDetailTileView.swift in Sources */,
				F0D366F824ABFBB4000FBFE5 /* LocalPersistance.swift in Sources */,
				F0B09AEC24AE885100C3B5BE /* RunDetailTableViewCell.swift in Sources */,
				F0A674DB24A7DF100083FD5F /* StartActivityViewController.swift in Sources */,
				F0D2BA2F24A8DA2800BE815F /* RMActionButton.swift in Sources */,
				F0D366FF24ACF734000FBFE5 /* SessionUtilities.swift in Sources */,
				F05E38DB25099E56005B1916 /* RMSessionButtonStackView.swift in Sources */,
				F0EC45A9252B62930069EACD /* Date+Extensions.swift in Sources */,
				F064E19425E1C6A600948CC5 /* Coordinator.swift in Sources */,
				F05E38D725097834005B1916 /* RMPausePlayButton.swift in Sources */,
				F0B09AEE24AE94EE00C3B5BE /* ActivityDetailViewController.swift in Sources */,
				F007265C25081CAE009E00B7 /* RMTabBarController.swift in Sources */,
				F01EC4A525093ABE00C3F966 /* RMLocationButton.swift in Sources */,
				F0D366FA24ABFBC8000FBFE5 /* PersistanceManager.swift in Sources */,
				F05E38D5250957E8005B1916 /* RMSecondaryTitleLabel.swift in Sources */,
			);
			runOnlyForDeploymentPostprocessing = 0;
		};
		F0A674BE24A7CCB50083FD5F /* Sources */ = {
			isa = PBXSourcesBuildPhase;
			buildActionMask = 2147483647;
			files = (
				F0A674C724A7CCB50083FD5F /* RunRunRunTests.swift in Sources */,
			);
			runOnlyForDeploymentPostprocessing = 0;
		};
/* End PBXSourcesBuildPhase section */

/* Begin PBXTargetDependency section */
		F0A674C424A7CCB50083FD5F /* PBXTargetDependency */ = {
			isa = PBXTargetDependency;
			target = F0A674A824A7CCAF0083FD5F /* RunRunRun */;
			targetProxy = F0A674C324A7CCB50083FD5F /* PBXContainerItemProxy */;
		};
/* End PBXTargetDependency section */

/* Begin PBXVariantGroup section */
		F0A674BA24A7CCB50083FD5F /* LaunchScreen.storyboard */ = {
			isa = PBXVariantGroup;
			children = (
				F0A674BB24A7CCB50083FD5F /* Base */,
			);
			name = LaunchScreen.storyboard;
			sourceTree = "<group>";
		};
/* End PBXVariantGroup section */

/* Begin XCBuildConfiguration section */
		F0A674C924A7CCB50083FD5F /* Debug */ = {
			isa = XCBuildConfiguration;
			buildSettings = {
				ALWAYS_SEARCH_USER_PATHS = NO;
				CLANG_ANALYZER_NONNULL = YES;
				CLANG_ANALYZER_NUMBER_OBJECT_CONVERSION = YES_AGGRESSIVE;
				CLANG_CXX_LANGUAGE_STANDARD = "gnu++14";
				CLANG_CXX_LIBRARY = "libc++";
				CLANG_ENABLE_MODULES = YES;
				CLANG_ENABLE_OBJC_ARC = YES;
				CLANG_ENABLE_OBJC_WEAK = YES;
				CLANG_WARN_BLOCK_CAPTURE_AUTORELEASING = YES;
				CLANG_WARN_BOOL_CONVERSION = YES;
				CLANG_WARN_COMMA = YES;
				CLANG_WARN_CONSTANT_CONVERSION = YES;
				CLANG_WARN_DEPRECATED_OBJC_IMPLEMENTATIONS = YES;
				CLANG_WARN_DIRECT_OBJC_ISA_USAGE = YES_ERROR;
				CLANG_WARN_DOCUMENTATION_COMMENTS = YES;
				CLANG_WARN_EMPTY_BODY = YES;
				CLANG_WARN_ENUM_CONVERSION = YES;
				CLANG_WARN_INFINITE_RECURSION = YES;
				CLANG_WARN_INT_CONVERSION = YES;
				CLANG_WARN_NON_LITERAL_NULL_CONVERSION = YES;
				CLANG_WARN_OBJC_IMPLICIT_RETAIN_SELF = YES;
				CLANG_WARN_OBJC_LITERAL_CONVERSION = YES;
				CLANG_WARN_OBJC_ROOT_CLASS = YES_ERROR;
				CLANG_WARN_QUOTED_INCLUDE_IN_FRAMEWORK_HEADER = YES;
				CLANG_WARN_RANGE_LOOP_ANALYSIS = YES;
				CLANG_WARN_STRICT_PROTOTYPES = YES;
				CLANG_WARN_SUSPICIOUS_MOVE = YES;
				CLANG_WARN_UNGUARDED_AVAILABILITY = YES_AGGRESSIVE;
				CLANG_WARN_UNREACHABLE_CODE = YES;
				CLANG_WARN__DUPLICATE_METHOD_MATCH = YES;
				COPY_PHASE_STRIP = NO;
				DEBUG_INFORMATION_FORMAT = dwarf;
				ENABLE_STRICT_OBJC_MSGSEND = YES;
				ENABLE_TESTABILITY = YES;
				GCC_C_LANGUAGE_STANDARD = gnu11;
				GCC_DYNAMIC_NO_PIC = NO;
				GCC_NO_COMMON_BLOCKS = YES;
				GCC_OPTIMIZATION_LEVEL = 0;
				GCC_PREPROCESSOR_DEFINITIONS = (
					"DEBUG=1",
					"$(inherited)",
				);
				GCC_WARN_64_TO_32_BIT_CONVERSION = YES;
				GCC_WARN_ABOUT_RETURN_TYPE = YES_ERROR;
				GCC_WARN_UNDECLARED_SELECTOR = YES;
				GCC_WARN_UNINITIALIZED_AUTOS = YES_AGGRESSIVE;
				GCC_WARN_UNUSED_FUNCTION = YES;
				GCC_WARN_UNUSED_VARIABLE = YES;
				IPHONEOS_DEPLOYMENT_TARGET = 14.0;
				MTL_ENABLE_DEBUG_INFO = INCLUDE_SOURCE;
				MTL_FAST_MATH = YES;
				ONLY_ACTIVE_ARCH = YES;
				SDKROOT = iphoneos;
				SWIFT_ACTIVE_COMPILATION_CONDITIONS = DEBUG;
				SWIFT_OPTIMIZATION_LEVEL = "-Onone";
			};
			name = Debug;
		};
		F0A674CA24A7CCB50083FD5F /* Release */ = {
			isa = XCBuildConfiguration;
			buildSettings = {
				ALWAYS_SEARCH_USER_PATHS = NO;
				CLANG_ANALYZER_NONNULL = YES;
				CLANG_ANALYZER_NUMBER_OBJECT_CONVERSION = YES_AGGRESSIVE;
				CLANG_CXX_LANGUAGE_STANDARD = "gnu++14";
				CLANG_CXX_LIBRARY = "libc++";
				CLANG_ENABLE_MODULES = YES;
				CLANG_ENABLE_OBJC_ARC = YES;
				CLANG_ENABLE_OBJC_WEAK = YES;
				CLANG_WARN_BLOCK_CAPTURE_AUTORELEASING = YES;
				CLANG_WARN_BOOL_CONVERSION = YES;
				CLANG_WARN_COMMA = YES;
				CLANG_WARN_CONSTANT_CONVERSION = YES;
				CLANG_WARN_DEPRECATED_OBJC_IMPLEMENTATIONS = YES;
				CLANG_WARN_DIRECT_OBJC_ISA_USAGE = YES_ERROR;
				CLANG_WARN_DOCUMENTATION_COMMENTS = YES;
				CLANG_WARN_EMPTY_BODY = YES;
				CLANG_WARN_ENUM_CONVERSION = YES;
				CLANG_WARN_INFINITE_RECURSION = YES;
				CLANG_WARN_INT_CONVERSION = YES;
				CLANG_WARN_NON_LITERAL_NULL_CONVERSION = YES;
				CLANG_WARN_OBJC_IMPLICIT_RETAIN_SELF = YES;
				CLANG_WARN_OBJC_LITERAL_CONVERSION = YES;
				CLANG_WARN_OBJC_ROOT_CLASS = YES_ERROR;
				CLANG_WARN_QUOTED_INCLUDE_IN_FRAMEWORK_HEADER = YES;
				CLANG_WARN_RANGE_LOOP_ANALYSIS = YES;
				CLANG_WARN_STRICT_PROTOTYPES = YES;
				CLANG_WARN_SUSPICIOUS_MOVE = YES;
				CLANG_WARN_UNGUARDED_AVAILABILITY = YES_AGGRESSIVE;
				CLANG_WARN_UNREACHABLE_CODE = YES;
				CLANG_WARN__DUPLICATE_METHOD_MATCH = YES;
				COPY_PHASE_STRIP = NO;
				DEBUG_INFORMATION_FORMAT = "dwarf-with-dsym";
				ENABLE_NS_ASSERTIONS = NO;
				ENABLE_STRICT_OBJC_MSGSEND = YES;
				GCC_C_LANGUAGE_STANDARD = gnu11;
				GCC_NO_COMMON_BLOCKS = YES;
				GCC_WARN_64_TO_32_BIT_CONVERSION = YES;
				GCC_WARN_ABOUT_RETURN_TYPE = YES_ERROR;
				GCC_WARN_UNDECLARED_SELECTOR = YES;
				GCC_WARN_UNINITIALIZED_AUTOS = YES_AGGRESSIVE;
				GCC_WARN_UNUSED_FUNCTION = YES;
				GCC_WARN_UNUSED_VARIABLE = YES;
				IPHONEOS_DEPLOYMENT_TARGET = 14.0;
				MTL_ENABLE_DEBUG_INFO = NO;
				MTL_FAST_MATH = YES;
				SDKROOT = iphoneos;
				SWIFT_COMPILATION_MODE = wholemodule;
				SWIFT_OPTIMIZATION_LEVEL = "-O";
				VALIDATE_PRODUCT = YES;
			};
			name = Release;
		};
		F0A674CC24A7CCB50083FD5F /* Debug */ = {
			isa = XCBuildConfiguration;
			baseConfigurationReference = 2614D522CEBDA03B192AA180 /* Pods-RunRunRun.debug.xcconfig */;
			buildSettings = {
				ASSETCATALOG_COMPILER_APPICON_NAME = AppIcon;
				CODE_SIGN_STYLE = Automatic;
				DEVELOPMENT_TEAM = D8T996G46R;
				INFOPLIST_FILE = "RunRunRun/Supporting Resources/Info.plist";
				LD_RUNPATH_SEARCH_PATHS = (
					"$(inherited)",
					"@executable_path/Frameworks",
				);
				PRODUCT_BUNDLE_IDENTIFIER = dev.mo.RunRunRun;
				PRODUCT_NAME = "$(TARGET_NAME)";
				SWIFT_VERSION = 5.0;
				TARGETED_DEVICE_FAMILY = 1;
			};
			name = Debug;
		};
		F0A674CD24A7CCB50083FD5F /* Release */ = {
			isa = XCBuildConfiguration;
			baseConfigurationReference = 590576E684A8A2F00930D4E8 /* Pods-RunRunRun.release.xcconfig */;
			buildSettings = {
				ASSETCATALOG_COMPILER_APPICON_NAME = AppIcon;
				CODE_SIGN_STYLE = Automatic;
				DEVELOPMENT_TEAM = D8T996G46R;
				INFOPLIST_FILE = "RunRunRun/Supporting Resources/Info.plist";
				LD_RUNPATH_SEARCH_PATHS = (
					"$(inherited)",
					"@executable_path/Frameworks",
				);
				PRODUCT_BUNDLE_IDENTIFIER = dev.mo.RunRunRun;
				PRODUCT_NAME = "$(TARGET_NAME)";
				SWIFT_VERSION = 5.0;
				TARGETED_DEVICE_FAMILY = 1;
			};
			name = Release;
		};
		F0A674CF24A7CCB50083FD5F /* Debug */ = {
			isa = XCBuildConfiguration;
			baseConfigurationReference = C8AA12FACA3044AA07A7BF8F /* Pods-RunRunRunTests.debug.xcconfig */;
			buildSettings = {
				ALWAYS_EMBED_SWIFT_STANDARD_LIBRARIES = YES;
				BUNDLE_LOADER = "$(TEST_HOST)";
				CODE_SIGN_STYLE = Automatic;
				DEVELOPMENT_TEAM = D8T996G46R;
				INFOPLIST_FILE = RunRunRunTests/Info.plist;
				IPHONEOS_DEPLOYMENT_TARGET = 14.0;
				LD_RUNPATH_SEARCH_PATHS = (
					"$(inherited)",
					"@executable_path/Frameworks",
					"@loader_path/Frameworks",
				);
				PRODUCT_BUNDLE_IDENTIFIER = dev.mo.RunRunRunTests;
				PRODUCT_NAME = "$(TARGET_NAME)";
				SWIFT_VERSION = 5.0;
				TARGETED_DEVICE_FAMILY = "1,2";
				TEST_HOST = "$(BUILT_PRODUCTS_DIR)/RunRunRun.app/RunRunRun";
			};
			name = Debug;
		};
		F0A674D024A7CCB50083FD5F /* Release */ = {
			isa = XCBuildConfiguration;
			baseConfigurationReference = 420A24AE53A048C4690F2829 /* Pods-RunRunRunTests.release.xcconfig */;
			buildSettings = {
				ALWAYS_EMBED_SWIFT_STANDARD_LIBRARIES = YES;
				BUNDLE_LOADER = "$(TEST_HOST)";
				CODE_SIGN_STYLE = Automatic;
				DEVELOPMENT_TEAM = D8T996G46R;
				INFOPLIST_FILE = RunRunRunTests/Info.plist;
				IPHONEOS_DEPLOYMENT_TARGET = 14.0;
				LD_RUNPATH_SEARCH_PATHS = (
					"$(inherited)",
					"@executable_path/Frameworks",
					"@loader_path/Frameworks",
				);
				PRODUCT_BUNDLE_IDENTIFIER = dev.mo.RunRunRunTests;
				PRODUCT_NAME = "$(TARGET_NAME)";
				SWIFT_VERSION = 5.0;
				TARGETED_DEVICE_FAMILY = "1,2";
				TEST_HOST = "$(BUILT_PRODUCTS_DIR)/RunRunRun.app/RunRunRun";
			};
			name = Release;
		};
/* End XCBuildConfiguration section */

/* Begin XCConfigurationList section */
		F0A674A424A7CCAF0083FD5F /* Build configuration list for PBXProject "RunRunRun" */ = {
			isa = XCConfigurationList;
			buildConfigurations = (
				F0A674C924A7CCB50083FD5F /* Debug */,
				F0A674CA24A7CCB50083FD5F /* Release */,
			);
			defaultConfigurationIsVisible = 0;
			defaultConfigurationName = Release;
		};
		F0A674CB24A7CCB50083FD5F /* Build configuration list for PBXNativeTarget "RunRunRun" */ = {
			isa = XCConfigurationList;
			buildConfigurations = (
				F0A674CC24A7CCB50083FD5F /* Debug */,
				F0A674CD24A7CCB50083FD5F /* Release */,
			);
			defaultConfigurationIsVisible = 0;
			defaultConfigurationName = Release;
		};
		F0A674CE24A7CCB50083FD5F /* Build configuration list for PBXNativeTarget "RunRunRunTests" */ = {
			isa = XCConfigurationList;
			buildConfigurations = (
				F0A674CF24A7CCB50083FD5F /* Debug */,
				F0A674D024A7CCB50083FD5F /* Release */,
			);
			defaultConfigurationIsVisible = 0;
			defaultConfigurationName = Release;
		};
/* End XCConfigurationList section */

/* Begin XCVersionGroup section */
		F0A674B524A7CCAF0083FD5F /* RunRunRun.xcdatamodeld */ = {
			isa = XCVersionGroup;
			children = (
				F0A674B624A7CCAF0083FD5F /* RunRunRun.xcdatamodel */,
			);
			currentVersion = F0A674B624A7CCAF0083FD5F /* RunRunRun.xcdatamodel */;
			path = RunRunRun.xcdatamodeld;
			sourceTree = "<group>";
			versionGroupType = wrapper.xcdatamodel;
		};
/* End XCVersionGroup section */
	};
	rootObject = F0A674A124A7CCAF0083FD5F /* Project object */;
}
