// !$*UTF8*$!
{
	archiveVersion = 1;
	classes = {
	};
	objectVersion = 50;
	objects = {

/* Begin PBXBuildFile section */
		F0A674AD24A7CCAF0083FD5F /* AppDelegate.swift in Sources */ = {isa = PBXBuildFile; fileRef = F0A674AC24A7CCAF0083FD5F /* AppDelegate.swift */; };
		F0A674AF24A7CCAF0083FD5F /* SceneDelegate.swift in Sources */ = {isa = PBXBuildFile; fileRef = F0A674AE24A7CCAF0083FD5F /* SceneDelegate.swift */; };
		F0A674B124A7CCAF0083FD5F /* ViewController.swift in Sources */ = {isa = PBXBuildFile; fileRef = F0A674B024A7CCAF0083FD5F /* ViewController.swift */; };
		F0A674B424A7CCAF0083FD5F /* Main.storyboard in Resources */ = {isa = PBXBuildFile; fileRef = F0A674B224A7CCAF0083FD5F /* Main.storyboard */; };
		F0A674B724A7CCAF0083FD5F /* RunRunRun.xcdatamodeld in Sources */ = {isa = PBXBuildFile; fileRef = F0A674B524A7CCAF0083FD5F /* RunRunRun.xcdatamodeld */; };
		F0A674B924A7CCB40083FD5F /* Assets.xcassets in Resources */ = {isa = PBXBuildFile; fileRef = F0A674B824A7CCB40083FD5F /* Assets.xcassets */; };
		F0A674BC24A7CCB50083FD5F /* LaunchScreen.storyboard in Resources */ = {isa = PBXBuildFile; fileRef = F0A674BA24A7CCB50083FD5F /* LaunchScreen.storyboard */; };
		F0A674C724A7CCB50083FD5F /* RunRunRunTests.swift in Sources */ = {isa = PBXBuildFile; fileRef = F0A674C624A7CCB50083FD5F /* RunRunRunTests.swift */; };
/* End PBXBuildFile section */

/* Begin PBXContainerItemProxy section */
		F0A674C324A7CCB50083FD5F /* PBXContainerItemProxy */ = {
			isa = PBXContainerItemProxy;
			containerPortal = F0A674A124A7CCAF0083FD5F /* Project object */;
			proxyType = 1;
			remoteGlobalIDString = F0A674A824A7CCAF0083FD5F;
			remoteInfo = RunRunRun;
		};
/* End PBXContainerItemProxy section */

/* Begin PBXFileReference section */
		F0A674A924A7CCAF0083FD5F /* RunRunRun.app */ = {isa = PBXFileReference; explicitFileType = wrapper.application; includeInIndex = 0; path = RunRunRun.app; sourceTree = BUILT_PRODUCTS_DIR; };
		F0A674AC24A7CCAF0083FD5F /* AppDelegate.swift */ = {isa = PBXFileReference; lastKnownFileType = sourcecode.swift; path = AppDelegate.swift; sourceTree = "<group>"; };
		F0A674AE24A7CCAF0083FD5F /* SceneDelegate.swift */ = {isa = PBXFileReference; lastKnownFileType = sourcecode.swift; path = SceneDelegate.swift; sourceTree = "<group>"; };
		F0A674B024A7CCAF0083FD5F /* ViewController.swift */ = {isa = PBXFileReference; lastKnownFileType = sourcecode.swift; path = ViewController.swift; sourceTree = "<group>"; };
		F0A674B324A7CCAF0083FD5F /* Base */ = {isa = PBXFileReference; lastKnownFileType = file.storyboard; name = Base; path = Base.lproj/Main.storyboard; sourceTree = "<group>"; };
		F0A674B624A7CCAF0083FD5F /* RunRunRun.xcdatamodel */ = {isa = PBXFileReference; lastKnownFileType = wrapper.xcdatamodel; path = RunRunRun.xcdatamodel; sourceTree = "<group>"; };
		F0A674B824A7CCB40083FD5F /* Assets.xcassets */ = {isa = PBXFileReference; lastKnownFileType = folder.assetcatalog; path = Assets.xcassets; sourceTree = "<group>"; };
		F0A674BB24A7CCB50083FD5F /* Base */ = {isa = PBXFileReference; lastKnownFileType = file.storyboard; name = Base; path = Base.lproj/LaunchScreen.storyboard; sourceTree = "<group>"; };
		F0A674BD24A7CCB50083FD5F /* Info.plist */ = {isa = PBXFileReference; lastKnownFileType = text.plist.xml; path = Info.plist; sourceTree = "<group>"; };
		F0A674C224A7CCB50083FD5F /* RunRunRunTests.xctest */ = {isa = PBXFileReference; explicitFileType = wrapper.cfbundle; includeInIndex = 0; path = RunRunRunTests.xctest; sourceTree = BUILT_PRODUCTS_DIR; };
		F0A674C624A7CCB50083FD5F /* RunRunRunTests.swift */ = {isa = PBXFileReference; lastKnownFileType = sourcecode.swift; path = RunRunRunTests.swift; sourceTree = "<group>"; };
		F0A674C824A7CCB50083FD5F /* Info.plist */ = {isa = PBXFileReference; lastKnownFileType = text.plist.xml; path = Info.plist; sourceTree = "<group>"; };
/* End PBXFileReference section */

/* Begin PBXFrameworksBuildPhase section */
		F0A674A624A7CCAF0083FD5F /* Frameworks */ = {
			isa = PBXFrameworksBuildPhase;
			buildActionMask = 2147483647;
			files = (
			);
			runOnlyForDeploymentPostprocessing = 0;
		};
		F0A674BF24A7CCB50083FD5F /* Frameworks */ = {
			isa = PBXFrameworksBuildPhase;
			buildActionMask = 2147483647;
			files = (
			);
			runOnlyForDeploymentPostprocessing = 0;
		};
/* End PBXFrameworksBuildPhase section */

/* Begin PBXGroup section */
		F0A674A024A7CCAF0083FD5F = {
			isa = PBXGroup;
			children = (
				F0A674AB24A7CCAF0083FD5F /* RunRunRun */,
				F0A674C524A7CCB50083FD5F /* RunRunRunTests */,
				F0A674AA24A7CCAF0083FD5F /* Products */,
			);
			sourceTree = "<group>";
		};
		F0A674AA24A7CCAF0083FD5F /* Products */ = {
			isa = PBXGroup;
			children = (
				F0A674A924A7CCAF0083FD5F /* RunRunRun.app */,
				F0A674C224A7CCB50083FD5F /* RunRunRunTests.xctest */,
			);
			name = Products;
			sourceTree = "<group>";
		};
		F0A674AB24A7CCAF0083FD5F /* RunRunRun */ = {
			isa = PBXGroup;
			children = (
				F0A674AC24A7CCAF0083FD5F /* AppDelegate.swift */,
				F0A674AE24A7CCAF0083FD5F /* SceneDelegate.swift */,
				F0A674B024A7CCAF0083FD5F /* ViewController.swift */,
				F0A674B224A7CCAF0083FD5F /* Main.storyboard */,
				F0A674B824A7CCB40083FD5F /* Assets.xcassets */,
				F0A674BA24A7CCB50083FD5F /* LaunchScreen.storyboard */,
				F0A674BD24A7CCB50083FD5F /* Info.plist */,
				F0A674B524A7CCAF0083FD5F /* RunRunRun.xcdatamodeld */,
			);
			path = RunRunRun;
			sourceTree = "<group>";
		};
		F0A674C524A7CCB50083FD5F /* RunRunRunTests */ = {
			isa = PBXGroup;
			children = (
				F0A674C624A7CCB50083FD5F /* RunRunRunTests.swift */,
				F0A674C824A7CCB50083FD5F /* Info.plist */,
			);
			path = RunRunRunTests;
			sourceTree = "<group>";
		};
/* End PBXGroup section */

/* Begin PBXNativeTarget section */
		F0A674A824A7CCAF0083FD5F /* RunRunRun */ = {
			isa = PBXNativeTarget;
			buildConfigurationList = F0A674CB24A7CCB50083FD5F /* Build configuration list for PBXNativeTarget "RunRunRun" */;
			buildPhases = (
				F0A674A524A7CCAF0083FD5F /* Sources */,
				F0A674A624A7CCAF0083FD5F /* Frameworks */,
				F0A674A724A7CCAF0083FD5F /* Resources */,
			);
			buildRules = (
			);
			dependencies = (
			);
			name = RunRunRun;
			productName = RunRunRun;
			productReference = F0A674A924A7CCAF0083FD5F /* RunRunRun.app */;
			productType = "com.apple.product-type.application";
		};
		F0A674C124A7CCB50083FD5F /* RunRunRunTests */ = {
			isa = PBXNativeTarget;
			buildConfigurationList = F0A674CE24A7CCB50083FD5F /* Build configuration list for PBXNativeTarget "RunRunRunTests" */;
			buildPhases = (
				F0A674BE24A7CCB50083FD5F /* Sources */,
				F0A674BF24A7CCB50083FD5F /* Frameworks */,
				F0A674C024A7CCB50083FD5F /* Resources */,
			);
			buildRules = (
			);
			dependencies = (
				F0A674C424A7CCB50083FD5F /* PBXTargetDependency */,
			);
			name = RunRunRunTests;
			productName = RunRunRunTests;
			productReference = F0A674C224A7CCB50083FD5F /* RunRunRunTests.xctest */;
			productType = "com.apple.product-type.bundle.unit-test";
		};
/* End PBXNativeTarget section */

/* Begin PBXProject section */
		F0A674A124A7CCAF0083FD5F /* Project object */ = {
			isa = PBXProject;
			attributes = {
				LastSwiftUpdateCheck = 1150;
				LastUpgradeCheck = 1150;
				ORGANIZATIONNAME = "Ahmad, Mohammed";
				TargetAttributes = {
					F0A674A824A7CCAF0083FD5F = {
						CreatedOnToolsVersion = 11.5;
					};
					F0A674C124A7CCB50083FD5F = {
						CreatedOnToolsVersion = 11.5;
						TestTargetID = F0A674A824A7CCAF0083FD5F;
					};
				};
			};
			buildConfigurationList = F0A674A424A7CCAF0083FD5F /* Build configuration list for PBXProject "RunRunRun" */;
			compatibilityVersion = "Xcode 9.3";
			developmentRegion = en;
			hasScannedForEncodings = 0;
			knownRegions = (
				en,
				Base,
			);
			mainGroup = F0A674A024A7CCAF0083FD5F;
			productRefGroup = F0A674AA24A7CCAF0083FD5F /* Products */;
			projectDirPath = "";
			projectRoot = "";
			targets = (
				F0A674A824A7CCAF0083FD5F /* RunRunRun */,
				F0A674C124A7CCB50083FD5F /* RunRunRunTests */,
			);
		};
/* End PBXProject section */

/* Begin PBXResourcesBuildPhase section */
		F0A674A724A7CCAF0083FD5F /* Resources */ = {
			isa = PBXResourcesBuildPhase;
			buildActionMask = 2147483647;
			files = (
				F0A674BC24A7CCB50083FD5F /* LaunchScreen.storyboard in Resources */,
				F0A674B924A7CCB40083FD5F /* Assets.xcassets in Resources */,
				F0A674B424A7CCAF0083FD5F /* Main.storyboard in Resources */,
			);
			runOnlyForDeploymentPostprocessing = 0;
		};
		F0A674C024A7CCB50083FD5F /* Resources */ = {
			isa = PBXResourcesBuildPhase;
			buildActionMask = 2147483647;
			files = (
			);
			runOnlyForDeploymentPostprocessing = 0;
		};
/* End PBXResourcesBuildPhase section */

/* Begin PBXSourcesBuildPhase section */
		F0A674A524A7CCAF0083FD5F /* Sources */ = {
			isa = PBXSourcesBuildPhase;
			buildActionMask = 2147483647;
			files = (
				F0A674B124A7CCAF0083FD5F /* ViewController.swift in Sources */,
				F0A674B724A7CCAF0083FD5F /* RunRunRun.xcdatamodeld in Sources */,
				F0A674AD24A7CCAF0083FD5F /* AppDelegate.swift in Sources */,
				F0A674AF24A7CCAF0083FD5F /* SceneDelegate.swift in Sources */,
			);
			runOnlyForDeploymentPostprocessing = 0;
		};
		F0A674BE24A7CCB50083FD5F /* Sources */ = {
			isa = PBXSourcesBuildPhase;
			buildActionMask = 2147483647;
			files = (
				F0A674C724A7CCB50083FD5F /* RunRunRunTests.swift in Sources */,
			);
			runOnlyForDeploymentPostprocessing = 0;
		};
/* End PBXSourcesBuildPhase section */

/* Begin PBXTargetDependency section */
		F0A674C424A7CCB50083FD5F /* PBXTargetDependency */ = {
			isa = PBXTargetDependency;
			target = F0A674A824A7CCAF0083FD5F /* RunRunRun */;
			targetProxy = F0A674C324A7CCB50083FD5F /* PBXContainerItemProxy */;
		};
/* End PBXTargetDependency section */

/* Begin PBXVariantGroup section */
		F0A674B224A7CCAF0083FD5F /* Main.storyboard */ = {
			isa = PBXVariantGroup;
			children = (
				F0A674B324A7CCAF0083FD5F /* Base */,
			);
			name = Main.storyboard;
			sourceTree = "<group>";
		};
		F0A674BA24A7CCB50083FD5F /* LaunchScreen.storyboard */ = {
			isa = PBXVariantGroup;
			children = (
				F0A674BB24A7CCB50083FD5F /* Base */,
			);
			name = LaunchScreen.storyboard;
			sourceTree = "<group>";
		};
/* End PBXVariantGroup section */

/* Begin XCBuildConfiguration section */
		F0A674C924A7CCB50083FD5F /* Debug */ = {
			isa = XCBuildConfiguration;
			buildSettings = {
				ALWAYS_SEARCH_USER_PATHS = NO;
				CLANG_ANALYZER_NONNULL = YES;
				CLANG_ANALYZER_NUMBER_OBJECT_CONVERSION = YES_AGGRESSIVE;
				CLANG_CXX_LANGUAGE_STANDARD = "gnu++14";
				CLANG_CXX_LIBRARY = "libc++";
				CLANG_ENABLE_MODULES = YES;
				CLANG_ENABLE_OBJC_ARC = YES;
				CLANG_ENABLE_OBJC_WEAK = YES;
				CLANG_WARN_BLOCK_CAPTURE_AUTORELEASING = YES;
				CLANG_WARN_BOOL_CONVERSION = YES;
				CLANG_WARN_COMMA = YES;
				CLANG_WARN_CONSTANT_CONVERSION = YES;
				CLANG_WARN_DEPRECATED_OBJC_IMPLEMENTATIONS = YES;
				CLANG_WARN_DIRECT_OBJC_ISA_USAGE = YES_ERROR;
				CLANG_WARN_DOCUMENTATION_COMMENTS = YES;
				CLANG_WARN_EMPTY_BODY = YES;
				CLANG_WARN_ENUM_CONVERSION = YES;
				CLANG_WARN_INFINITE_RECURSION = YES;
				CLANG_WARN_INT_CONVERSION = YES;
				CLANG_WARN_NON_LITERAL_NULL_CONVERSION = YES;
				CLANG_WARN_OBJC_IMPLICIT_RETAIN_SELF = YES;
				CLANG_WARN_OBJC_LITERAL_CONVERSION = YES;
				CLANG_WARN_OBJC_ROOT_CLASS = YES_ERROR;
				CLANG_WARN_RANGE_LOOP_ANALYSIS = YES;
				CLANG_WARN_STRICT_PROTOTYPES = YES;
				CLANG_WARN_SUSPICIOUS_MOVE = YES;
				CLANG_WARN_UNGUARDED_AVAILABILITY = YES_AGGRESSIVE;
				CLANG_WARN_UNREACHABLE_CODE = YES;
				CLANG_WARN__DUPLICATE_METHOD_MATCH = YES;
				COPY_PHASE_STRIP = NO;
				DEBUG_INFORMATION_FORMAT = dwarf;
				ENABLE_STRICT_OBJC_MSGSEND = YES;
				ENABLE_TESTABILITY = YES;
				GCC_C_LANGUAGE_STANDARD = gnu11;
				GCC_DYNAMIC_NO_PIC = NO;
				GCC_NO_COMMON_BLOCKS = YES;
				GCC_OPTIMIZATION_LEVEL = 0;
				GCC_PREPROCESSOR_DEFINITIONS = (
					"DEBUG=1",
					"$(inherited)",
				);
				GCC_WARN_64_TO_32_BIT_CONVERSION = YES;
				GCC_WARN_ABOUT_RETURN_TYPE = YES_ERROR;
				GCC_WARN_UNDECLARED_SELECTOR = YES;
				GCC_WARN_UNINITIALIZED_AUTOS = YES_AGGRESSIVE;
				GCC_WARN_UNUSED_FUNCTION = YES;
				GCC_WARN_UNUSED_VARIABLE = YES;
				IPHONEOS_DEPLOYMENT_TARGET = 13.5;
				MTL_ENABLE_DEBUG_INFO = INCLUDE_SOURCE;
				MTL_FAST_MATH = YES;
				ONLY_ACTIVE_ARCH = YES;
				SDKROOT = iphoneos;
				SWIFT_ACTIVE_COMPILATION_CONDITIONS = DEBUG;
				SWIFT_OPTIMIZATION_LEVEL = "-Onone";
			};
			name = Debug;
		};
		F0A674CA24A7CCB50083FD5F /* Release */ = {
			isa = XCBuildConfiguration;
			buildSettings = {
				ALWAYS_SEARCH_USER_PATHS = NO;
				CLANG_ANALYZER_NONNULL = YES;
				CLANG_ANALYZER_NUMBER_OBJECT_CONVERSION = YES_AGGRESSIVE;
				CLANG_CXX_LANGUAGE_STANDARD = "gnu++14";
				CLANG_CXX_LIBRARY = "libc++";
				CLANG_ENABLE_MODULES = YES;
				CLANG_ENABLE_OBJC_ARC = YES;
				CLANG_ENABLE_OBJC_WEAK = YES;
				CLANG_WARN_BLOCK_CAPTURE_AUTORELEASING = YES;
				CLANG_WARN_BOOL_CONVERSION = YES;
				CLANG_WARN_COMMA = YES;
				CLANG_WARN_CONSTANT_CONVERSION = YES;
				CLANG_WARN_DEPRECATED_OBJC_IMPLEMENTATIONS = YES;
				CLANG_WARN_DIRECT_OBJC_ISA_USAGE = YES_ERROR;
				CLANG_WARN_DOCUMENTATION_COMMENTS = YES;
				CLANG_WARN_EMPTY_BODY = YES;
				CLANG_WARN_ENUM_CONVERSION = YES;
				CLANG_WARN_INFINITE_RECURSION = YES;
				CLANG_WARN_INT_CONVERSION = YES;
				CLANG_WARN_NON_LITERAL_NULL_CONVERSION = YES;
				CLANG_WARN_OBJC_IMPLICIT_RETAIN_SELF = YES;
				CLANG_WARN_OBJC_LITERAL_CONVERSION = YES;
				CLANG_WARN_OBJC_ROOT_CLASS = YES_ERROR;
				CLANG_WARN_RANGE_LOOP_ANALYSIS = YES;
				CLANG_WARN_STRICT_PROTOTYPES = YES;
				CLANG_WARN_SUSPICIOUS_MOVE = YES;
				CLANG_WARN_UNGUARDED_AVAILABILITY = YES_AGGRESSIVE;
				CLANG_WARN_UNREACHABLE_CODE = YES;
				CLANG_WARN__DUPLICATE_METHOD_MATCH = YES;
				COPY_PHASE_STRIP = NO;
				DEBUG_INFORMATION_FORMAT = "dwarf-with-dsym";
				ENABLE_NS_ASSERTIONS = NO;
				ENABLE_STRICT_OBJC_MSGSEND = YES;
				GCC_C_LANGUAGE_STANDARD = gnu11;
				GCC_NO_COMMON_BLOCKS = YES;
				GCC_WARN_64_TO_32_BIT_CONVERSION = YES;
				GCC_WARN_ABOUT_RETURN_TYPE = YES_ERROR;
				GCC_WARN_UNDECLARED_SELECTOR = YES;
				GCC_WARN_UNINITIALIZED_AUTOS = YES_AGGRESSIVE;
				GCC_WARN_UNUSED_FUNCTION = YES;
				GCC_WARN_UNUSED_VARIABLE = YES;
				IPHONEOS_DEPLOYMENT_TARGET = 13.5;
				MTL_ENABLE_DEBUG_INFO = NO;
				MTL_FAST_MATH = YES;
				SDKROOT = iphoneos;
				SWIFT_COMPILATION_MODE = wholemodule;
				SWIFT_OPTIMIZATION_LEVEL = "-O";
				VALIDATE_PRODUCT = YES;
			};
			name = Release;
		};
		F0A674CC24A7CCB50083FD5F /* Debug */ = {
			isa = XCBuildConfiguration;
			buildSettings = {
				ASSETCATALOG_COMPILER_APPICON_NAME = AppIcon;
				CODE_SIGN_STYLE = Automatic;
				DEVELOPMENT_TEAM = D8T996G46R;
				INFOPLIST_FILE = RunRunRun/Info.plist;
				LD_RUNPATH_SEARCH_PATHS = (
					"$(inherited)",
					"@executable_path/Frameworks",
				);
				PRODUCT_BUNDLE_IDENTIFIER = dev.mo.RunRunRun;
				PRODUCT_NAME = "$(TARGET_NAME)";
				SWIFT_VERSION = 5.0;
				TARGETED_DEVICE_FAMILY = "1,2";
			};
			name = Debug;
		};
		F0A674CD24A7CCB50083FD5F /* Release */ = {
			isa = XCBuildConfiguration;
			buildSettings = {
				ASSETCATALOG_COMPILER_APPICON_NAME = AppIcon;
				CODE_SIGN_STYLE = Automatic;
				DEVELOPMENT_TEAM = D8T996G46R;
				INFOPLIST_FILE = RunRunRun/Info.plist;
				LD_RUNPATH_SEARCH_PATHS = (
					"$(inherited)",
					"@executable_path/Frameworks",
				);
				PRODUCT_BUNDLE_IDENTIFIER = dev.mo.RunRunRun;
				PRODUCT_NAME = "$(TARGET_NAME)";
				SWIFT_VERSION = 5.0;
				TARGETED_DEVICE_FAMILY = "1,2";
			};
			name = Release;
		};
		F0A674CF24A7CCB50083FD5F /* Debug */ = {
			isa = XCBuildConfiguration;
			buildSettings = {
				ALWAYS_EMBED_SWIFT_STANDARD_LIBRARIES = YES;
				BUNDLE_LOADER = "$(TEST_HOST)";
				CODE_SIGN_STYLE = Automatic;
				DEVELOPMENT_TEAM = D8T996G46R;
				INFOPLIST_FILE = RunRunRunTests/Info.plist;
				IPHONEOS_DEPLOYMENT_TARGET = 13.5;
				LD_RUNPATH_SEARCH_PATHS = (
					"$(inherited)",
					"@executable_path/Frameworks",
					"@loader_path/Frameworks",
				);
				PRODUCT_BUNDLE_IDENTIFIER = dev.mo.RunRunRunTests;
				PRODUCT_NAME = "$(TARGET_NAME)";
				SWIFT_VERSION = 5.0;
				TARGETED_DEVICE_FAMILY = "1,2";
				TEST_HOST = "$(BUILT_PRODUCTS_DIR)/RunRunRun.app/RunRunRun";
			};
			name = Debug;
		};
		F0A674D024A7CCB50083FD5F /* Release */ = {
			isa = XCBuildConfiguration;
			buildSettings = {
				ALWAYS_EMBED_SWIFT_STANDARD_LIBRARIES = YES;
				BUNDLE_LOADER = "$(TEST_HOST)";
				CODE_SIGN_STYLE = Automatic;
				DEVELOPMENT_TEAM = D8T996G46R;
				INFOPLIST_FILE = RunRunRunTests/Info.plist;
				IPHONEOS_DEPLOYMENT_TARGET = 13.5;
				LD_RUNPATH_SEARCH_PATHS = (
					"$(inherited)",
					"@executable_path/Frameworks",
					"@loader_path/Frameworks",
				);
				PRODUCT_BUNDLE_IDENTIFIER = dev.mo.RunRunRunTests;
				PRODUCT_NAME = "$(TARGET_NAME)";
				SWIFT_VERSION = 5.0;
				TARGETED_DEVICE_FAMILY = "1,2";
				TEST_HOST = "$(BUILT_PRODUCTS_DIR)/RunRunRun.app/RunRunRun";
			};
			name = Release;
		};
/* End XCBuildConfiguration section */

/* Begin XCConfigurationList section */
		F0A674A424A7CCAF0083FD5F /* Build configuration list for PBXProject "RunRunRun" */ = {
			isa = XCConfigurationList;
			buildConfigurations = (
				F0A674C924A7CCB50083FD5F /* Debug */,
				F0A674CA24A7CCB50083FD5F /* Release */,
			);
			defaultConfigurationIsVisible = 0;
			defaultConfigurationName = Release;
		};
		F0A674CB24A7CCB50083FD5F /* Build configuration list for PBXNativeTarget "RunRunRun" */ = {
			isa = XCConfigurationList;
			buildConfigurations = (
				F0A674CC24A7CCB50083FD5F /* Debug */,
				F0A674CD24A7CCB50083FD5F /* Release */,
			);
			defaultConfigurationIsVisible = 0;
			defaultConfigurationName = Release;
		};
		F0A674CE24A7CCB50083FD5F /* Build configuration list for PBXNativeTarget "RunRunRunTests" */ = {
			isa = XCConfigurationList;
			buildConfigurations = (
				F0A674CF24A7CCB50083FD5F /* Debug */,
				F0A674D024A7CCB50083FD5F /* Release */,
			);
			defaultConfigurationIsVisible = 0;
			defaultConfigurationName = Release;
		};
/* End XCConfigurationList section */

/* Begin XCVersionGroup section */
		F0A674B524A7CCAF0083FD5F /* RunRunRun.xcdatamodeld */ = {
			isa = XCVersionGroup;
			children = (
				F0A674B624A7CCAF0083FD5F /* RunRunRun.xcdatamodel */,
			);
			currentVersion = F0A674B624A7CCAF0083FD5F /* RunRunRun.xcdatamodel */;
			path = RunRunRun.xcdatamodeld;
			sourceTree = "<group>";
			versionGroupType = wrapper.xcdatamodel;
		};
/* End XCVersionGroup section */
	};
	rootObject = F0A674A124A7CCAF0083FD5F /* Project object */;
}
